// !$*UTF8*$!
{
	archiveVersion = 1;
	classes = {
	};
	objectVersion = 46;
	objects = {

/* Begin PBXBuildFile section */
		E7030B6B1C4DF1730015F552 /* ZYY_ScrollView.m in Sources */ = {isa = PBXBuildFile; fileRef = E7030B6A1C4DF1730015F552 /* ZYY_ScrollView.m */; };
		E7030B6E1C4DF20D0015F552 /* ZYY_TimeTableViewCell.m in Sources */ = {isa = PBXBuildFile; fileRef = E7030B6D1C4DF20D0015F552 /* ZYY_TimeTableViewCell.m */; };
		E7030B751C4DF3F50015F552 /* ZYY_ChooseShareWayView.m in Sources */ = {isa = PBXBuildFile; fileRef = E7030B711C4DF3F50015F552 /* ZYY_ChooseShareWayView.m */; };
		E7030B761C4DF3F50015F552 /* ZYY_ShareMessageView.m in Sources */ = {isa = PBXBuildFile; fileRef = E7030B731C4DF3F50015F552 /* ZYY_ShareMessageView.m */; };
		E7030B771C4DF3F50015F552 /* ZYY_ShareMessageView.xib in Resources */ = {isa = PBXBuildFile; fileRef = E7030B741C4DF3F50015F552 /* ZYY_ShareMessageView.xib */; };
		E7030B791C4DF5CD0015F552 /* SystemConfiguration.framework in Frameworks */ = {isa = PBXBuildFile; fileRef = E7030B781C4DF5CD0015F552 /* SystemConfiguration.framework */; };
		E711F54D1C3F95D800485406 /* main.m in Sources */ = {isa = PBXBuildFile; fileRef = E711F54C1C3F95D800485406 /* main.m */; };
		E711F5501C3F95D800485406 /* AppDelegate.m in Sources */ = {isa = PBXBuildFile; fileRef = E711F54F1C3F95D800485406 /* AppDelegate.m */; };
		E711F5581C3F95D800485406 /* Assets.xcassets in Resources */ = {isa = PBXBuildFile; fileRef = E711F5571C3F95D800485406 /* Assets.xcassets */; };
		E711F55B1C3F95D800485406 /* LaunchScreen.storyboard in Resources */ = {isa = PBXBuildFile; fileRef = E711F5591C3F95D800485406 /* LaunchScreen.storyboard */; };
		E711F5661C3F95D800485406 /* tigercelTests.m in Sources */ = {isa = PBXBuildFile; fileRef = E711F5651C3F95D800485406 /* tigercelTests.m */; };
		E711F5711C3F95D800485406 /* tigercelUITests.m in Sources */ = {isa = PBXBuildFile; fileRef = E711F5701C3F95D800485406 /* tigercelUITests.m */; };
		E711F5881C3F978900485406 /* ZYY_LeftViewController.m in Sources */ = {isa = PBXBuildFile; fileRef = E711F5861C3F978900485406 /* ZYY_LeftViewController.m */; };
		E711F5921C3F990500485406 /* ZYY_HomeTableViewCell.m in Sources */ = {isa = PBXBuildFile; fileRef = E711F5901C3F990500485406 /* ZYY_HomeTableViewCell.m */; };
		E711F5931C3F990500485406 /* ZYY_HomeTableViewCell.xib in Resources */ = {isa = PBXBuildFile; fileRef = E711F5911C3F990500485406 /* ZYY_HomeTableViewCell.xib */; };
		E711F5A01C3FA73A00485406 /* ZYY_HomeViewController.m in Sources */ = {isa = PBXBuildFile; fileRef = E711F59E1C3FA73A00485406 /* ZYY_HomeViewController.m */; };
		E711F5A81C3FB8C700485406 /* LeftSlideViewController.m in Sources */ = {isa = PBXBuildFile; fileRef = E711F5A51C3FB8C700485406 /* LeftSlideViewController.m */; };
		E711F5A91C3FB8C700485406 /* UIView_extra.m in Sources */ = {isa = PBXBuildFile; fileRef = E711F5A71C3FB8C700485406 /* UIView_extra.m */; };
		E7169C011C424AC9003BD334 /* ZYY_ProtocolView.m in Sources */ = {isa = PBXBuildFile; fileRef = E7169BFF1C424AC9003BD334 /* ZYY_ProtocolView.m */; };
		E7169C021C424AC9003BD334 /* ZYY_ProtocolView.xib in Resources */ = {isa = PBXBuildFile; fileRef = E7169C001C424AC9003BD334 /* ZYY_ProtocolView.xib */; };
		E7169C061C428C07003BD334 /* ZYY_AboutView.m in Sources */ = {isa = PBXBuildFile; fileRef = E7169C041C428C07003BD334 /* ZYY_AboutView.m */; };
		E7169C071C428C07003BD334 /* ZYY_AboutView.xib in Resources */ = {isa = PBXBuildFile; fileRef = E7169C051C428C07003BD334 /* ZYY_AboutView.xib */; };
		E7169C0B1C42936C003BD334 /* ZYY_UpdateDeviceView.m in Sources */ = {isa = PBXBuildFile; fileRef = E7169C091C42936C003BD334 /* ZYY_UpdateDeviceView.m */; };
		E7169C0C1C42936C003BD334 /* ZYY_UpdateDeviceView.xib in Resources */ = {isa = PBXBuildFile; fileRef = E7169C0A1C42936C003BD334 /* ZYY_UpdateDeviceView.xib */; };
		E7169C101C429399003BD334 /* ZYY_ReBackView.m in Sources */ = {isa = PBXBuildFile; fileRef = E7169C0E1C429399003BD334 /* ZYY_ReBackView.m */; };
		E7169C111C429399003BD334 /* ZYY_ReBackView.xib in Resources */ = {isa = PBXBuildFile; fileRef = E7169C0F1C429399003BD334 /* ZYY_ReBackView.xib */; };
		E7169C151C4293F0003BD334 /* ZYY_RoomView.m in Sources */ = {isa = PBXBuildFile; fileRef = E7169C131C4293F0003BD334 /* ZYY_RoomView.m */; };
		E7169C161C4293F0003BD334 /* ZYY_RoomView.xib in Resources */ = {isa = PBXBuildFile; fileRef = E7169C141C4293F0003BD334 /* ZYY_RoomView.xib */; };
		E7169C1A1C4294CB003BD334 /* ZYY_MyInformationView.m in Sources */ = {isa = PBXBuildFile; fileRef = E7169C181C4294CB003BD334 /* ZYY_MyInformationView.m */; };
		E7169C1B1C4294CB003BD334 /* ZYY_MyInformationView.xib in Resources */ = {isa = PBXBuildFile; fileRef = E7169C191C4294CB003BD334 /* ZYY_MyInformationView.xib */; };
		E718B3AF1C5A28E00024583B /* cJSON.h in Headers */ = {isa = PBXBuildFile; fileRef = E718B3A81C5A28E00024583B /* cJSON.h */; };
		E718B3B01C5A28E00024583B /* iot_mod_lwm2m_json.h in Headers */ = {isa = PBXBuildFile; fileRef = E718B3A91C5A28E00024583B /* iot_mod_lwm2m_json.h */; };
		E718B3B11C5A28E00024583B /* iot_mod_lwm2m.h in Headers */ = {isa = PBXBuildFile; fileRef = E718B3AA1C5A28E00024583B /* iot_mod_lwm2m.h */; };
		E718B3B21C5A28E00024583B /* libj2t_lib.a in Frameworks */ = {isa = PBXBuildFile; fileRef = E718B3AB1C5A28E00024583B /* libj2t_lib.a */; };
		E718B3B31C5A28E00024583B /* libMQTTClient.a in Frameworks */ = {isa = PBXBuildFile; fileRef = E718B3AC1C5A28E00024583B /* libMQTTClient.a */; };
		E718B3B41C5A28E00024583B /* MQTTClient.h in Headers */ = {isa = PBXBuildFile; fileRef = E718B3AD1C5A28E00024583B /* MQTTClient.h */; };
		E718B3B51C5A28E00024583B /* MQTTClientPersistence.h in Headers */ = {isa = PBXBuildFile; fileRef = E718B3AE1C5A28E00024583B /* MQTTClientPersistence.h */; };
		E7204E411C473B78005D6C4D /* ZYY_ChangeNameView.m in Sources */ = {isa = PBXBuildFile; fileRef = E7204E3F1C473B78005D6C4D /* ZYY_ChangeNameView.m */; };
		E7204E421C473B78005D6C4D /* ZYY_ChangeNameView.xib in Resources */ = {isa = PBXBuildFile; fileRef = E7204E401C473B78005D6C4D /* ZYY_ChangeNameView.xib */; };
		E7204E461C474993005D6C4D /* ZYY_SceneChooseView.m in Sources */ = {isa = PBXBuildFile; fileRef = E7204E441C474993005D6C4D /* ZYY_SceneChooseView.m */; };
		E7204E471C474993005D6C4D /* ZYY_SceneChooseView.xib in Resources */ = {isa = PBXBuildFile; fileRef = E7204E451C474993005D6C4D /* ZYY_SceneChooseView.xib */; };
		E7204E4F1C477308005D6C4D /* ZYY_GetColorFromImage.m in Sources */ = {isa = PBXBuildFile; fileRef = E7204E4D1C477308005D6C4D /* ZYY_GetColorFromImage.m */; };
		E7204E501C477308005D6C4D /* ZYY_GetColorFromImage.xib in Resources */ = {isa = PBXBuildFile; fileRef = E7204E4E1C477308005D6C4D /* ZYY_GetColorFromImage.xib */; };
		E7204E561C478308005D6C4D /* UIImageView+ZYY_GetColor.m in Sources */ = {isa = PBXBuildFile; fileRef = E7204E551C478308005D6C4D /* UIImageView+ZYY_GetColor.m */; };
		E7204E5A1C4793A8005D6C4D /* ZYY_SetTimeView.m in Sources */ = {isa = PBXBuildFile; fileRef = E7204E581C4793A8005D6C4D /* ZYY_SetTimeView.m */; };
		E7204E5B1C4793A8005D6C4D /* ZYY_SetTimeView.xib in Resources */ = {isa = PBXBuildFile; fileRef = E7204E591C4793A8005D6C4D /* ZYY_SetTimeView.xib */; };
		E7204E641C47A6A6005D6C4D /* ZYY_PickerDayView.m in Sources */ = {isa = PBXBuildFile; fileRef = E7204E621C47A6A6005D6C4D /* ZYY_PickerDayView.m */; };
		E7204E651C47A6A6005D6C4D /* ZYY_PickerDayView.xib in Resources */ = {isa = PBXBuildFile; fileRef = E7204E631C47A6A6005D6C4D /* ZYY_PickerDayView.xib */; };
		E7204E681C47AED1005D6C4D /* ZYY_LED.m in Sources */ = {isa = PBXBuildFile; fileRef = E7204E671C47AED1005D6C4D /* ZYY_LED.m */; };
		E7244C2F1C42136C00B2B0C6 /* ZYY_WriteInformation.m in Sources */ = {isa = PBXBuildFile; fileRef = E7244C2D1C42136C00B2B0C6 /* ZYY_WriteInformation.m */; };
		E7244C301C42136C00B2B0C6 /* ZYY_WriteInformation.xib in Resources */ = {isa = PBXBuildFile; fileRef = E7244C2E1C42136C00B2B0C6 /* ZYY_WriteInformation.xib */; };
		E73275EF1C45EE26002E2570 /* ZYY_ConnectEquipment.m in Sources */ = {isa = PBXBuildFile; fileRef = E73275ED1C45EE26002E2570 /* ZYY_ConnectEquipment.m */; };
		E73275F01C45EE26002E2570 /* ZYY_ConnectEquipment.xib in Resources */ = {isa = PBXBuildFile; fileRef = E73275EE1C45EE26002E2570 /* ZYY_ConnectEquipment.xib */; };
		E73275F41C463731002E2570 /* ZYY_SliderControl.m in Sources */ = {isa = PBXBuildFile; fileRef = E73275F21C463731002E2570 /* ZYY_SliderControl.m */; };
		E73275F51C463731002E2570 /* ZYY_SliderControl.xib in Resources */ = {isa = PBXBuildFile; fileRef = E73275F31C463731002E2570 /* ZYY_SliderControl.xib */; };
		E757D3761C40ACBE007F3A6D /* Info.plist in Resources */ = {isa = PBXBuildFile; fileRef = E757D35C1C40ACBE007F3A6D /* Info.plist */; };
		E757D3771C40ACBE007F3A6D /* MASCompositeConstraint.m in Sources */ = {isa = PBXBuildFile; fileRef = E757D35E1C40ACBE007F3A6D /* MASCompositeConstraint.m */; };
		E757D3781C40ACBE007F3A6D /* MASConstraint.m in Sources */ = {isa = PBXBuildFile; fileRef = E757D3611C40ACBE007F3A6D /* MASConstraint.m */; };
		E757D3791C40ACBE007F3A6D /* MASConstraintMaker.m in Sources */ = {isa = PBXBuildFile; fileRef = E757D3631C40ACBE007F3A6D /* MASConstraintMaker.m */; };
		E757D37A1C40ACBE007F3A6D /* MASLayoutConstraint.m in Sources */ = {isa = PBXBuildFile; fileRef = E757D3651C40ACBE007F3A6D /* MASLayoutConstraint.m */; };
		E757D37B1C40ACBE007F3A6D /* MASViewAttribute.m in Sources */ = {isa = PBXBuildFile; fileRef = E757D3691C40ACBE007F3A6D /* MASViewAttribute.m */; };
		E757D37C1C40ACBE007F3A6D /* MASViewConstraint.m in Sources */ = {isa = PBXBuildFile; fileRef = E757D36B1C40ACBE007F3A6D /* MASViewConstraint.m */; };
		E757D37D1C40ACBE007F3A6D /* NSArray+MASAdditions.m in Sources */ = {isa = PBXBuildFile; fileRef = E757D36D1C40ACBE007F3A6D /* NSArray+MASAdditions.m */; };
		E757D37E1C40ACBE007F3A6D /* NSLayoutConstraint+MASDebugAdditions.m in Sources */ = {isa = PBXBuildFile; fileRef = E757D3701C40ACBE007F3A6D /* NSLayoutConstraint+MASDebugAdditions.m */; };
		E757D37F1C40ACBE007F3A6D /* View+MASAdditions.m in Sources */ = {isa = PBXBuildFile; fileRef = E757D3721C40ACBE007F3A6D /* View+MASAdditions.m */; };
		E757D3801C40ACBE007F3A6D /* ViewController+MASAdditions.m in Sources */ = {isa = PBXBuildFile; fileRef = E757D3751C40ACBE007F3A6D /* ViewController+MASAdditions.m */; };
		E757D3851C40CD61007F3A6D /* ZYY_LoginControl.m in Sources */ = {isa = PBXBuildFile; fileRef = E757D3831C40CD61007F3A6D /* ZYY_LoginControl.m */; };
		E757D3861C40CD61007F3A6D /* ZYY_LoginControl.xib in Resources */ = {isa = PBXBuildFile; fileRef = E757D3841C40CD61007F3A6D /* ZYY_LoginControl.xib */; };
		E757D38A1C413CE8007F3A6D /* ZYY_RegistControl.m in Sources */ = {isa = PBXBuildFile; fileRef = E757D3881C413CE8007F3A6D /* ZYY_RegistControl.m */; };
		E757D38B1C413CE8007F3A6D /* ZYY_RegistControl.xib in Resources */ = {isa = PBXBuildFile; fileRef = E757D3891C413CE8007F3A6D /* ZYY_RegistControl.xib */; };
		E7665B251C5074FD006F3AF0 /* AFHTTPSessionManager.m in Sources */ = {isa = PBXBuildFile; fileRef = E7665B191C5074FD006F3AF0 /* AFHTTPSessionManager.m */; };
		E7665B261C5074FD006F3AF0 /* AFNetworkReachabilityManager.m in Sources */ = {isa = PBXBuildFile; fileRef = E7665B1C1C5074FD006F3AF0 /* AFNetworkReachabilityManager.m */; };
		E7665B271C5074FD006F3AF0 /* AFSecurityPolicy.m in Sources */ = {isa = PBXBuildFile; fileRef = E7665B1E1C5074FD006F3AF0 /* AFSecurityPolicy.m */; };
		E7665B281C5074FD006F3AF0 /* AFURLRequestSerialization.m in Sources */ = {isa = PBXBuildFile; fileRef = E7665B201C5074FD006F3AF0 /* AFURLRequestSerialization.m */; };
		E7665B291C5074FD006F3AF0 /* AFURLResponseSerialization.m in Sources */ = {isa = PBXBuildFile; fileRef = E7665B221C5074FD006F3AF0 /* AFURLResponseSerialization.m */; };
		E7665B2A1C5074FD006F3AF0 /* AFURLSessionManager.m in Sources */ = {isa = PBXBuildFile; fileRef = E7665B241C5074FD006F3AF0 /* AFURLSessionManager.m */; };
		E77AD7421C44A62B000A18C6 /* Address.plist in Resources */ = {isa = PBXBuildFile; fileRef = E77AD7411C44A62B000A18C6 /* Address.plist */; };
		E77AD7461C44D35B000A18C6 /* ZYY_ChangeCode.m in Sources */ = {isa = PBXBuildFile; fileRef = E77AD7441C44D35B000A18C6 /* ZYY_ChangeCode.m */; };
		E77AD7471C44D35B000A18C6 /* ZYY_ChangeCode.xib in Resources */ = {isa = PBXBuildFile; fileRef = E77AD7451C44D35B000A18C6 /* ZYY_ChangeCode.xib */; };
		E77AD74B1C44E323000A18C6 /* ZYY_RetrievePasswordView.m in Sources */ = {isa = PBXBuildFile; fileRef = E77AD7491C44E323000A18C6 /* ZYY_RetrievePasswordView.m */; };
		E77AD74C1C44E323000A18C6 /* ZYY_RetrievePasswordView.xib in Resources */ = {isa = PBXBuildFile; fileRef = E77AD74A1C44E323000A18C6 /* ZYY_RetrievePasswordView.xib */; };
		E77AD7501C44FC62000A18C6 /* ZYY_EquipmentDetailVie.m in Sources */ = {isa = PBXBuildFile; fileRef = E77AD74E1C44FC62000A18C6 /* ZYY_EquipmentDetailVie.m */; };
		E77AD7511C44FC62000A18C6 /* ZYY_EquipmentDetailVie.xib in Resources */ = {isa = PBXBuildFile; fileRef = E77AD74F1C44FC62000A18C6 /* ZYY_EquipmentDetailVie.xib */; };
		E77AD7541C450228000A18C6 /* ZYY_CollectionViewCell.m in Sources */ = {isa = PBXBuildFile; fileRef = E77AD7531C450228000A18C6 /* ZYY_CollectionViewCell.m */; };
		E77BCAA31C585BDD000B8353 /* UIColor+flat.m in Sources */ = {isa = PBXBuildFile; fileRef = E77BCAA21C585BDD000B8353 /* UIColor+flat.m */; };
		E77BCAAF1C5860A1000B8353 /* FeThreeDotGlow.m in Sources */ = {isa = PBXBuildFile; fileRef = E77BCAAE1C5860A1000B8353 /* FeThreeDotGlow.m */; };
		E77BCAB51C586A94000B8353 /* AsyncSocket.m in Sources */ = {isa = PBXBuildFile; fileRef = E77BCAB21C586A94000B8353 /* AsyncSocket.m */; };
		E77BCAB61C586A94000B8353 /* AsyncUdpSocket.m in Sources */ = {isa = PBXBuildFile; fileRef = E77BCAB41C586A94000B8353 /* AsyncUdpSocket.m */; };
		E77BCB251C58D4DF000B8353 /* MKAnnotationView+WebCache.h in Headers */ = {isa = PBXBuildFile; fileRef = E77BCB041C58D4DF000B8353 /* MKAnnotationView+WebCache.h */; };
		E77BCB261C58D4DF000B8353 /* MKAnnotationView+WebCache.m in Sources */ = {isa = PBXBuildFile; fileRef = E77BCB051C58D4DF000B8353 /* MKAnnotationView+WebCache.m */; };
		E77BCB271C58D4DF000B8353 /* NSData+ImageContentType.h in Headers */ = {isa = PBXBuildFile; fileRef = E77BCB061C58D4DF000B8353 /* NSData+ImageContentType.h */; };
		E77BCB281C58D4DF000B8353 /* NSData+ImageContentType.m in Sources */ = {isa = PBXBuildFile; fileRef = E77BCB071C58D4DF000B8353 /* NSData+ImageContentType.m */; };
		E77BCB291C58D4DF000B8353 /* SDImageCache.h in Headers */ = {isa = PBXBuildFile; fileRef = E77BCB081C58D4DF000B8353 /* SDImageCache.h */; };
		E77BCB2A1C58D4DF000B8353 /* SDImageCache.m in Sources */ = {isa = PBXBuildFile; fileRef = E77BCB091C58D4DF000B8353 /* SDImageCache.m */; };
		E77BCB2B1C58D4DF000B8353 /* SDWebImageCompat.h in Headers */ = {isa = PBXBuildFile; fileRef = E77BCB0A1C58D4DF000B8353 /* SDWebImageCompat.h */; };
		E77BCB2C1C58D4DF000B8353 /* SDWebImageCompat.m in Sources */ = {isa = PBXBuildFile; fileRef = E77BCB0B1C58D4DF000B8353 /* SDWebImageCompat.m */; };
		E77BCB2D1C58D4DF000B8353 /* SDWebImageDecoder.h in Headers */ = {isa = PBXBuildFile; fileRef = E77BCB0C1C58D4DF000B8353 /* SDWebImageDecoder.h */; };
		E77BCB2E1C58D4DF000B8353 /* SDWebImageDecoder.m in Sources */ = {isa = PBXBuildFile; fileRef = E77BCB0D1C58D4DF000B8353 /* SDWebImageDecoder.m */; };
		E77BCB2F1C58D4DF000B8353 /* SDWebImageDownloader.h in Headers */ = {isa = PBXBuildFile; fileRef = E77BCB0E1C58D4DF000B8353 /* SDWebImageDownloader.h */; };
		E77BCB301C58D4DF000B8353 /* SDWebImageDownloader.m in Sources */ = {isa = PBXBuildFile; fileRef = E77BCB0F1C58D4DF000B8353 /* SDWebImageDownloader.m */; };
		E77BCB311C58D4DF000B8353 /* SDWebImageDownloaderOperation.h in Headers */ = {isa = PBXBuildFile; fileRef = E77BCB101C58D4DF000B8353 /* SDWebImageDownloaderOperation.h */; };
		E77BCB321C58D4DF000B8353 /* SDWebImageDownloaderOperation.m in Sources */ = {isa = PBXBuildFile; fileRef = E77BCB111C58D4DF000B8353 /* SDWebImageDownloaderOperation.m */; };
		E77BCB331C58D4DF000B8353 /* SDWebImageManager.h in Headers */ = {isa = PBXBuildFile; fileRef = E77BCB121C58D4DF000B8353 /* SDWebImageManager.h */; };
		E77BCB341C58D4DF000B8353 /* SDWebImageManager.m in Sources */ = {isa = PBXBuildFile; fileRef = E77BCB131C58D4DF000B8353 /* SDWebImageManager.m */; };
		E77BCB351C58D4DF000B8353 /* SDWebImageOperation.h in Headers */ = {isa = PBXBuildFile; fileRef = E77BCB141C58D4DF000B8353 /* SDWebImageOperation.h */; };
		E77BCB361C58D4DF000B8353 /* SDWebImagePrefetcher.h in Headers */ = {isa = PBXBuildFile; fileRef = E77BCB151C58D4DF000B8353 /* SDWebImagePrefetcher.h */; };
		E77BCB371C58D4DF000B8353 /* SDWebImagePrefetcher.m in Sources */ = {isa = PBXBuildFile; fileRef = E77BCB161C58D4DF000B8353 /* SDWebImagePrefetcher.m */; };
		E77BCB381C58D4DF000B8353 /* UIButton+WebCache.h in Headers */ = {isa = PBXBuildFile; fileRef = E77BCB171C58D4DF000B8353 /* UIButton+WebCache.h */; };
		E77BCB391C58D4DF000B8353 /* UIButton+WebCache.m in Sources */ = {isa = PBXBuildFile; fileRef = E77BCB181C58D4DF000B8353 /* UIButton+WebCache.m */; };
		E77BCB3A1C58D4DF000B8353 /* UIImage+GIF.h in Headers */ = {isa = PBXBuildFile; fileRef = E77BCB191C58D4DF000B8353 /* UIImage+GIF.h */; };
		E77BCB3B1C58D4DF000B8353 /* UIImage+GIF.m in Sources */ = {isa = PBXBuildFile; fileRef = E77BCB1A1C58D4DF000B8353 /* UIImage+GIF.m */; };
		E77BCB3C1C58D4DF000B8353 /* UIImage+MultiFormat.h in Headers */ = {isa = PBXBuildFile; fileRef = E77BCB1B1C58D4DF000B8353 /* UIImage+MultiFormat.h */; };
		E77BCB3D1C58D4DF000B8353 /* UIImage+MultiFormat.m in Sources */ = {isa = PBXBuildFile; fileRef = E77BCB1C1C58D4DF000B8353 /* UIImage+MultiFormat.m */; };
		E77BCB3E1C58D4DF000B8353 /* UIImage+WebP.h in Headers */ = {isa = PBXBuildFile; fileRef = E77BCB1D1C58D4DF000B8353 /* UIImage+WebP.h */; };
		E77BCB3F1C58D4DF000B8353 /* UIImage+WebP.m in Sources */ = {isa = PBXBuildFile; fileRef = E77BCB1E1C58D4DF000B8353 /* UIImage+WebP.m */; };
		E77BCB401C58D4DF000B8353 /* UIImageView+HighlightedWebCache.h in Headers */ = {isa = PBXBuildFile; fileRef = E77BCB1F1C58D4DF000B8353 /* UIImageView+HighlightedWebCache.h */; };
		E77BCB411C58D4DF000B8353 /* UIImageView+HighlightedWebCache.m in Sources */ = {isa = PBXBuildFile; fileRef = E77BCB201C58D4DF000B8353 /* UIImageView+HighlightedWebCache.m */; };
		E77BCB421C58D4DF000B8353 /* UIImageView+WebCache.h in Headers */ = {isa = PBXBuildFile; fileRef = E77BCB211C58D4DF000B8353 /* UIImageView+WebCache.h */; };
		E77BCB431C58D4DF000B8353 /* UIImageView+WebCache.m in Sources */ = {isa = PBXBuildFile; fileRef = E77BCB221C58D4DF000B8353 /* UIImageView+WebCache.m */; };
		E77BCB441C58D4DF000B8353 /* UIView+WebCacheOperation.h in Headers */ = {isa = PBXBuildFile; fileRef = E77BCB231C58D4DF000B8353 /* UIView+WebCacheOperation.h */; };
		E77BCB451C58D4DF000B8353 /* UIView+WebCacheOperation.m in Sources */ = {isa = PBXBuildFile; fileRef = E77BCB241C58D4DF000B8353 /* UIView+WebCacheOperation.m */; };
		E78D1E7B1C4F57180007A58F /* libiot.a in Frameworks */ = {isa = PBXBuildFile; fileRef = E78D1E7A1C4F57180007A58F /* libiot.a */; };
		E78D1E801C4F61780007A58F /* ZYY_GetInfoFromInternet.m in Sources */ = {isa = PBXBuildFile; fileRef = E78D1E7F1C4F61780007A58F /* ZYY_GetInfoFromInternet.m */; };
		E78D1E831C4F7B4D0007A58F /* ZYY_User.m in Sources */ = {isa = PBXBuildFile; fileRef = E78D1E821C4F7B4D0007A58F /* ZYY_User.m */; };
		E7EE6CAB1C434A2F00CB3810 /* ZYY_UserReglationView.m in Sources */ = {isa = PBXBuildFile; fileRef = E7EE6CAA1C434A2F00CB3810 /* ZYY_UserReglationView.m */; };
		E7EE6CAE1C434AC000CB3810 /* ZYY_VersionExplainView.m in Sources */ = {isa = PBXBuildFile; fileRef = E7EE6CAD1C434AC000CB3810 /* ZYY_VersionExplainView.m */; };
/* End PBXBuildFile section */

/* Begin PBXContainerItemProxy section */
		E711F5621C3F95D800485406 /* PBXContainerItemProxy */ = {
			isa = PBXContainerItemProxy;
			containerPortal = E711F5401C3F95D800485406 /* Project object */;
			proxyType = 1;
			remoteGlobalIDString = E711F5471C3F95D800485406;
			remoteInfo = tigercel;
		};
		E711F56D1C3F95D800485406 /* PBXContainerItemProxy */ = {
			isa = PBXContainerItemProxy;
			containerPortal = E711F5401C3F95D800485406 /* Project object */;
			proxyType = 1;
			remoteGlobalIDString = E711F5471C3F95D800485406;
			remoteInfo = tigercel;
		};
/* End PBXContainerItemProxy section */

/* Begin PBXFileReference section */
		E7030B691C4DF1730015F552 /* ZYY_ScrollView.h */ = {isa = PBXFileReference; fileEncoding = 4; lastKnownFileType = sourcecode.c.h; path = ZYY_ScrollView.h; sourceTree = "<group>"; };
		E7030B6A1C4DF1730015F552 /* ZYY_ScrollView.m */ = {isa = PBXFileReference; fileEncoding = 4; lastKnownFileType = sourcecode.c.objc; path = ZYY_ScrollView.m; sourceTree = "<group>"; };
		E7030B6C1C4DF20D0015F552 /* ZYY_TimeTableViewCell.h */ = {isa = PBXFileReference; fileEncoding = 4; lastKnownFileType = sourcecode.c.h; path = ZYY_TimeTableViewCell.h; sourceTree = "<group>"; };
		E7030B6D1C4DF20D0015F552 /* ZYY_TimeTableViewCell.m */ = {isa = PBXFileReference; fileEncoding = 4; lastKnownFileType = sourcecode.c.objc; path = ZYY_TimeTableViewCell.m; sourceTree = "<group>"; };
		E7030B701C4DF3F50015F552 /* ZYY_ChooseShareWayView.h */ = {isa = PBXFileReference; fileEncoding = 4; lastKnownFileType = sourcecode.c.h; path = ZYY_ChooseShareWayView.h; sourceTree = "<group>"; };
		E7030B711C4DF3F50015F552 /* ZYY_ChooseShareWayView.m */ = {isa = PBXFileReference; fileEncoding = 4; lastKnownFileType = sourcecode.c.objc; path = ZYY_ChooseShareWayView.m; sourceTree = "<group>"; };
		E7030B721C4DF3F50015F552 /* ZYY_ShareMessageView.h */ = {isa = PBXFileReference; fileEncoding = 4; lastKnownFileType = sourcecode.c.h; path = ZYY_ShareMessageView.h; sourceTree = "<group>"; };
		E7030B731C4DF3F50015F552 /* ZYY_ShareMessageView.m */ = {isa = PBXFileReference; fileEncoding = 4; lastKnownFileType = sourcecode.c.objc; path = ZYY_ShareMessageView.m; sourceTree = "<group>"; };
		E7030B741C4DF3F50015F552 /* ZYY_ShareMessageView.xib */ = {isa = PBXFileReference; fileEncoding = 4; lastKnownFileType = file.xib; path = ZYY_ShareMessageView.xib; sourceTree = "<group>"; };
		E7030B781C4DF5CD0015F552 /* SystemConfiguration.framework */ = {isa = PBXFileReference; lastKnownFileType = wrapper.framework; name = SystemConfiguration.framework; path = System/Library/Frameworks/SystemConfiguration.framework; sourceTree = SDKROOT; };
		E711F5481C3F95D800485406 /* tigercel.app */ = {isa = PBXFileReference; explicitFileType = wrapper.application; includeInIndex = 0; path = tigercel.app; sourceTree = BUILT_PRODUCTS_DIR; };
		E711F54C1C3F95D800485406 /* main.m */ = {isa = PBXFileReference; lastKnownFileType = sourcecode.c.objc; path = main.m; sourceTree = "<group>"; };
		E711F54E1C3F95D800485406 /* AppDelegate.h */ = {isa = PBXFileReference; lastKnownFileType = sourcecode.c.h; name = AppDelegate.h; path = ../AppDelegate.h; sourceTree = "<group>"; };
		E711F54F1C3F95D800485406 /* AppDelegate.m */ = {isa = PBXFileReference; lastKnownFileType = sourcecode.c.objc; name = AppDelegate.m; path = ../AppDelegate.m; sourceTree = "<group>"; };
		E711F5571C3F95D800485406 /* Assets.xcassets */ = {isa = PBXFileReference; lastKnownFileType = folder.assetcatalog; path = Assets.xcassets; sourceTree = "<group>"; };
		E711F55A1C3F95D800485406 /* Base */ = {isa = PBXFileReference; lastKnownFileType = file.storyboard; name = Base; path = Base.lproj/LaunchScreen.storyboard; sourceTree = "<group>"; };
		E711F55C1C3F95D800485406 /* Info.plist */ = {isa = PBXFileReference; lastKnownFileType = text.plist.xml; path = Info.plist; sourceTree = "<group>"; };
		E711F5611C3F95D800485406 /* tigercelTests.xctest */ = {isa = PBXFileReference; explicitFileType = wrapper.cfbundle; includeInIndex = 0; path = tigercelTests.xctest; sourceTree = BUILT_PRODUCTS_DIR; };
		E711F5651C3F95D800485406 /* tigercelTests.m */ = {isa = PBXFileReference; lastKnownFileType = sourcecode.c.objc; path = tigercelTests.m; sourceTree = "<group>"; };
		E711F5671C3F95D800485406 /* Info.plist */ = {isa = PBXFileReference; lastKnownFileType = text.plist.xml; path = Info.plist; sourceTree = "<group>"; };
		E711F56C1C3F95D800485406 /* tigercelUITests.xctest */ = {isa = PBXFileReference; explicitFileType = wrapper.cfbundle; includeInIndex = 0; path = tigercelUITests.xctest; sourceTree = BUILT_PRODUCTS_DIR; };
		E711F5701C3F95D800485406 /* tigercelUITests.m */ = {isa = PBXFileReference; lastKnownFileType = sourcecode.c.objc; path = tigercelUITests.m; sourceTree = "<group>"; };
		E711F5721C3F95D800485406 /* Info.plist */ = {isa = PBXFileReference; lastKnownFileType = text.plist.xml; path = Info.plist; sourceTree = "<group>"; };
		E711F5851C3F978900485406 /* ZYY_LeftViewController.h */ = {isa = PBXFileReference; fileEncoding = 4; lastKnownFileType = sourcecode.c.h; path = ZYY_LeftViewController.h; sourceTree = "<group>"; };
		E711F5861C3F978900485406 /* ZYY_LeftViewController.m */ = {isa = PBXFileReference; fileEncoding = 4; lastKnownFileType = sourcecode.c.objc; path = ZYY_LeftViewController.m; sourceTree = "<group>"; };
		E711F58F1C3F990500485406 /* ZYY_HomeTableViewCell.h */ = {isa = PBXFileReference; fileEncoding = 4; lastKnownFileType = sourcecode.c.h; path = ZYY_HomeTableViewCell.h; sourceTree = "<group>"; };
		E711F5901C3F990500485406 /* ZYY_HomeTableViewCell.m */ = {isa = PBXFileReference; fileEncoding = 4; lastKnownFileType = sourcecode.c.objc; path = ZYY_HomeTableViewCell.m; sourceTree = "<group>"; };
		E711F5911C3F990500485406 /* ZYY_HomeTableViewCell.xib */ = {isa = PBXFileReference; fileEncoding = 4; lastKnownFileType = file.xib; path = ZYY_HomeTableViewCell.xib; sourceTree = "<group>"; };
		E711F59D1C3FA73A00485406 /* ZYY_HomeViewController.h */ = {isa = PBXFileReference; fileEncoding = 4; lastKnownFileType = sourcecode.c.h; path = ZYY_HomeViewController.h; sourceTree = "<group>"; };
		E711F59E1C3FA73A00485406 /* ZYY_HomeViewController.m */ = {isa = PBXFileReference; fileEncoding = 4; lastKnownFileType = sourcecode.c.objc; path = ZYY_HomeViewController.m; sourceTree = "<group>"; };
		E711F5A41C3FB8C700485406 /* LeftSlideViewController.h */ = {isa = PBXFileReference; fileEncoding = 4; lastKnownFileType = sourcecode.c.h; path = LeftSlideViewController.h; sourceTree = "<group>"; };
		E711F5A51C3FB8C700485406 /* LeftSlideViewController.m */ = {isa = PBXFileReference; fileEncoding = 4; lastKnownFileType = sourcecode.c.objc; path = LeftSlideViewController.m; sourceTree = "<group>"; };
		E711F5A61C3FB8C700485406 /* UIView_extra.h */ = {isa = PBXFileReference; fileEncoding = 4; lastKnownFileType = sourcecode.c.h; path = UIView_extra.h; sourceTree = "<group>"; };
		E711F5A71C3FB8C700485406 /* UIView_extra.m */ = {isa = PBXFileReference; fileEncoding = 4; lastKnownFileType = sourcecode.c.objc; path = UIView_extra.m; sourceTree = "<group>"; };
		E7169BFE1C424AC9003BD334 /* ZYY_ProtocolView.h */ = {isa = PBXFileReference; fileEncoding = 4; lastKnownFileType = sourcecode.c.h; path = ZYY_ProtocolView.h; sourceTree = "<group>"; };
		E7169BFF1C424AC9003BD334 /* ZYY_ProtocolView.m */ = {isa = PBXFileReference; fileEncoding = 4; lastKnownFileType = sourcecode.c.objc; path = ZYY_ProtocolView.m; sourceTree = "<group>"; };
		E7169C001C424AC9003BD334 /* ZYY_ProtocolView.xib */ = {isa = PBXFileReference; fileEncoding = 4; lastKnownFileType = file.xib; path = ZYY_ProtocolView.xib; sourceTree = "<group>"; };
		E7169C031C428C07003BD334 /* ZYY_AboutView.h */ = {isa = PBXFileReference; fileEncoding = 4; lastKnownFileType = sourcecode.c.h; path = ZYY_AboutView.h; sourceTree = "<group>"; };
		E7169C041C428C07003BD334 /* ZYY_AboutView.m */ = {isa = PBXFileReference; fileEncoding = 4; lastKnownFileType = sourcecode.c.objc; path = ZYY_AboutView.m; sourceTree = "<group>"; };
		E7169C051C428C07003BD334 /* ZYY_AboutView.xib */ = {isa = PBXFileReference; fileEncoding = 4; lastKnownFileType = file.xib; path = ZYY_AboutView.xib; sourceTree = "<group>"; };
		E7169C081C42936C003BD334 /* ZYY_UpdateDeviceView.h */ = {isa = PBXFileReference; fileEncoding = 4; lastKnownFileType = sourcecode.c.h; path = ZYY_UpdateDeviceView.h; sourceTree = "<group>"; };
		E7169C091C42936C003BD334 /* ZYY_UpdateDeviceView.m */ = {isa = PBXFileReference; fileEncoding = 4; lastKnownFileType = sourcecode.c.objc; path = ZYY_UpdateDeviceView.m; sourceTree = "<group>"; };
		E7169C0A1C42936C003BD334 /* ZYY_UpdateDeviceView.xib */ = {isa = PBXFileReference; fileEncoding = 4; lastKnownFileType = file.xib; path = ZYY_UpdateDeviceView.xib; sourceTree = "<group>"; };
		E7169C0D1C429399003BD334 /* ZYY_ReBackView.h */ = {isa = PBXFileReference; fileEncoding = 4; lastKnownFileType = sourcecode.c.h; path = ZYY_ReBackView.h; sourceTree = "<group>"; };
		E7169C0E1C429399003BD334 /* ZYY_ReBackView.m */ = {isa = PBXFileReference; fileEncoding = 4; lastKnownFileType = sourcecode.c.objc; path = ZYY_ReBackView.m; sourceTree = "<group>"; };
		E7169C0F1C429399003BD334 /* ZYY_ReBackView.xib */ = {isa = PBXFileReference; fileEncoding = 4; lastKnownFileType = file.xib; path = ZYY_ReBackView.xib; sourceTree = "<group>"; };
		E7169C121C4293F0003BD334 /* ZYY_RoomView.h */ = {isa = PBXFileReference; fileEncoding = 4; lastKnownFileType = sourcecode.c.h; path = ZYY_RoomView.h; sourceTree = "<group>"; };
		E7169C131C4293F0003BD334 /* ZYY_RoomView.m */ = {isa = PBXFileReference; fileEncoding = 4; lastKnownFileType = sourcecode.c.objc; path = ZYY_RoomView.m; sourceTree = "<group>"; };
		E7169C141C4293F0003BD334 /* ZYY_RoomView.xib */ = {isa = PBXFileReference; fileEncoding = 4; lastKnownFileType = file.xib; path = ZYY_RoomView.xib; sourceTree = "<group>"; };
		E7169C171C4294CB003BD334 /* ZYY_MyInformationView.h */ = {isa = PBXFileReference; fileEncoding = 4; lastKnownFileType = sourcecode.c.h; path = ZYY_MyInformationView.h; sourceTree = "<group>"; };
		E7169C181C4294CB003BD334 /* ZYY_MyInformationView.m */ = {isa = PBXFileReference; fileEncoding = 4; lastKnownFileType = sourcecode.c.objc; path = ZYY_MyInformationView.m; sourceTree = "<group>"; };
		E7169C191C4294CB003BD334 /* ZYY_MyInformationView.xib */ = {isa = PBXFileReference; fileEncoding = 4; lastKnownFileType = file.xib; path = ZYY_MyInformationView.xib; sourceTree = "<group>"; };
		E718B3A81C5A28E00024583B /* cJSON.h */ = {isa = PBXFileReference; fileEncoding = 4; lastKnownFileType = sourcecode.c.h; path = cJSON.h; sourceTree = "<group>"; };
		E718B3A91C5A28E00024583B /* iot_mod_lwm2m_json.h */ = {isa = PBXFileReference; fileEncoding = 4; lastKnownFileType = sourcecode.c.h; path = iot_mod_lwm2m_json.h; sourceTree = "<group>"; };
		E718B3AA1C5A28E00024583B /* iot_mod_lwm2m.h */ = {isa = PBXFileReference; fileEncoding = 4; lastKnownFileType = sourcecode.c.h; path = iot_mod_lwm2m.h; sourceTree = "<group>"; };
		E718B3AB1C5A28E00024583B /* libj2t_lib.a */ = {isa = PBXFileReference; lastKnownFileType = archive.ar; path = libj2t_lib.a; sourceTree = "<group>"; };
		E718B3AC1C5A28E00024583B /* libMQTTClient.a */ = {isa = PBXFileReference; lastKnownFileType = archive.ar; path = libMQTTClient.a; sourceTree = "<group>"; };
		E718B3AD1C5A28E00024583B /* MQTTClient.h */ = {isa = PBXFileReference; fileEncoding = 4; lastKnownFileType = sourcecode.c.h; path = MQTTClient.h; sourceTree = "<group>"; };
		E718B3AE1C5A28E00024583B /* MQTTClientPersistence.h */ = {isa = PBXFileReference; fileEncoding = 4; lastKnownFileType = sourcecode.c.h; path = MQTTClientPersistence.h; sourceTree = "<group>"; };
		E7204E3E1C473B78005D6C4D /* ZYY_ChangeNameView.h */ = {isa = PBXFileReference; fileEncoding = 4; lastKnownFileType = sourcecode.c.h; path = ZYY_ChangeNameView.h; sourceTree = "<group>"; };
		E7204E3F1C473B78005D6C4D /* ZYY_ChangeNameView.m */ = {isa = PBXFileReference; fileEncoding = 4; lastKnownFileType = sourcecode.c.objc; path = ZYY_ChangeNameView.m; sourceTree = "<group>"; };
		E7204E401C473B78005D6C4D /* ZYY_ChangeNameView.xib */ = {isa = PBXFileReference; fileEncoding = 4; lastKnownFileType = file.xib; path = ZYY_ChangeNameView.xib; sourceTree = "<group>"; };
		E7204E431C474993005D6C4D /* ZYY_SceneChooseView.h */ = {isa = PBXFileReference; fileEncoding = 4; lastKnownFileType = sourcecode.c.h; path = ZYY_SceneChooseView.h; sourceTree = "<group>"; };
		E7204E441C474993005D6C4D /* ZYY_SceneChooseView.m */ = {isa = PBXFileReference; fileEncoding = 4; lastKnownFileType = sourcecode.c.objc; path = ZYY_SceneChooseView.m; sourceTree = "<group>"; };
		E7204E451C474993005D6C4D /* ZYY_SceneChooseView.xib */ = {isa = PBXFileReference; fileEncoding = 4; lastKnownFileType = file.xib; path = ZYY_SceneChooseView.xib; sourceTree = "<group>"; };
		E7204E4C1C477308005D6C4D /* ZYY_GetColorFromImage.h */ = {isa = PBXFileReference; fileEncoding = 4; lastKnownFileType = sourcecode.c.h; path = ZYY_GetColorFromImage.h; sourceTree = "<group>"; };
		E7204E4D1C477308005D6C4D /* ZYY_GetColorFromImage.m */ = {isa = PBXFileReference; fileEncoding = 4; lastKnownFileType = sourcecode.c.objc; path = ZYY_GetColorFromImage.m; sourceTree = "<group>"; };
		E7204E4E1C477308005D6C4D /* ZYY_GetColorFromImage.xib */ = {isa = PBXFileReference; fileEncoding = 4; lastKnownFileType = file.xib; path = ZYY_GetColorFromImage.xib; sourceTree = "<group>"; };
		E7204E541C478308005D6C4D /* UIImageView+ZYY_GetColor.h */ = {isa = PBXFileReference; fileEncoding = 4; lastKnownFileType = sourcecode.c.h; path = "UIImageView+ZYY_GetColor.h"; sourceTree = "<group>"; };
		E7204E551C478308005D6C4D /* UIImageView+ZYY_GetColor.m */ = {isa = PBXFileReference; fileEncoding = 4; lastKnownFileType = sourcecode.c.objc; path = "UIImageView+ZYY_GetColor.m"; sourceTree = "<group>"; };
		E7204E571C4793A8005D6C4D /* ZYY_SetTimeView.h */ = {isa = PBXFileReference; fileEncoding = 4; lastKnownFileType = sourcecode.c.h; path = ZYY_SetTimeView.h; sourceTree = "<group>"; };
		E7204E581C4793A8005D6C4D /* ZYY_SetTimeView.m */ = {isa = PBXFileReference; fileEncoding = 4; lastKnownFileType = sourcecode.c.objc; path = ZYY_SetTimeView.m; sourceTree = "<group>"; };
		E7204E591C4793A8005D6C4D /* ZYY_SetTimeView.xib */ = {isa = PBXFileReference; fileEncoding = 4; lastKnownFileType = file.xib; path = ZYY_SetTimeView.xib; sourceTree = "<group>"; };
		E7204E611C47A6A6005D6C4D /* ZYY_PickerDayView.h */ = {isa = PBXFileReference; fileEncoding = 4; lastKnownFileType = sourcecode.c.h; path = ZYY_PickerDayView.h; sourceTree = "<group>"; };
		E7204E621C47A6A6005D6C4D /* ZYY_PickerDayView.m */ = {isa = PBXFileReference; fileEncoding = 4; lastKnownFileType = sourcecode.c.objc; path = ZYY_PickerDayView.m; sourceTree = "<group>"; };
		E7204E631C47A6A6005D6C4D /* ZYY_PickerDayView.xib */ = {isa = PBXFileReference; fileEncoding = 4; lastKnownFileType = file.xib; path = ZYY_PickerDayView.xib; sourceTree = "<group>"; };
		E7204E661C47AED1005D6C4D /* ZYY_LED.h */ = {isa = PBXFileReference; fileEncoding = 4; lastKnownFileType = sourcecode.c.h; path = ZYY_LED.h; sourceTree = "<group>"; };
		E7204E671C47AED1005D6C4D /* ZYY_LED.m */ = {isa = PBXFileReference; fileEncoding = 4; lastKnownFileType = sourcecode.c.objc; path = ZYY_LED.m; sourceTree = "<group>"; };
		E7244C2C1C42136C00B2B0C6 /* ZYY_WriteInformation.h */ = {isa = PBXFileReference; fileEncoding = 4; lastKnownFileType = sourcecode.c.h; path = ZYY_WriteInformation.h; sourceTree = "<group>"; };
		E7244C2D1C42136C00B2B0C6 /* ZYY_WriteInformation.m */ = {isa = PBXFileReference; fileEncoding = 4; lastKnownFileType = sourcecode.c.objc; path = ZYY_WriteInformation.m; sourceTree = "<group>"; };
		E7244C2E1C42136C00B2B0C6 /* ZYY_WriteInformation.xib */ = {isa = PBXFileReference; fileEncoding = 4; lastKnownFileType = file.xib; path = ZYY_WriteInformation.xib; sourceTree = "<group>"; };
		E73275EC1C45EE26002E2570 /* ZYY_ConnectEquipment.h */ = {isa = PBXFileReference; fileEncoding = 4; lastKnownFileType = sourcecode.c.h; path = ZYY_ConnectEquipment.h; sourceTree = "<group>"; };
		E73275ED1C45EE26002E2570 /* ZYY_ConnectEquipment.m */ = {isa = PBXFileReference; fileEncoding = 4; lastKnownFileType = sourcecode.c.objc; path = ZYY_ConnectEquipment.m; sourceTree = "<group>"; };
		E73275EE1C45EE26002E2570 /* ZYY_ConnectEquipment.xib */ = {isa = PBXFileReference; fileEncoding = 4; lastKnownFileType = file.xib; path = ZYY_ConnectEquipment.xib; sourceTree = "<group>"; };
		E73275F11C463731002E2570 /* ZYY_SliderControl.h */ = {isa = PBXFileReference; fileEncoding = 4; lastKnownFileType = sourcecode.c.h; path = ZYY_SliderControl.h; sourceTree = "<group>"; };
		E73275F21C463731002E2570 /* ZYY_SliderControl.m */ = {isa = PBXFileReference; fileEncoding = 4; lastKnownFileType = sourcecode.c.objc; path = ZYY_SliderControl.m; sourceTree = "<group>"; };
		E73275F31C463731002E2570 /* ZYY_SliderControl.xib */ = {isa = PBXFileReference; fileEncoding = 4; lastKnownFileType = file.xib; path = ZYY_SliderControl.xib; sourceTree = "<group>"; };
		E757D35C1C40ACBE007F3A6D /* Info.plist */ = {isa = PBXFileReference; fileEncoding = 4; lastKnownFileType = text.plist.xml; path = Info.plist; sourceTree = "<group>"; };
		E757D35D1C40ACBE007F3A6D /* MASCompositeConstraint.h */ = {isa = PBXFileReference; fileEncoding = 4; lastKnownFileType = sourcecode.c.h; path = MASCompositeConstraint.h; sourceTree = "<group>"; };
		E757D35E1C40ACBE007F3A6D /* MASCompositeConstraint.m */ = {isa = PBXFileReference; fileEncoding = 4; lastKnownFileType = sourcecode.c.objc; path = MASCompositeConstraint.m; sourceTree = "<group>"; };
		E757D35F1C40ACBE007F3A6D /* MASConstraint+Private.h */ = {isa = PBXFileReference; fileEncoding = 4; lastKnownFileType = sourcecode.c.h; path = "MASConstraint+Private.h"; sourceTree = "<group>"; };
		E757D3601C40ACBE007F3A6D /* MASConstraint.h */ = {isa = PBXFileReference; fileEncoding = 4; lastKnownFileType = sourcecode.c.h; path = MASConstraint.h; sourceTree = "<group>"; };
		E757D3611C40ACBE007F3A6D /* MASConstraint.m */ = {isa = PBXFileReference; fileEncoding = 4; lastKnownFileType = sourcecode.c.objc; path = MASConstraint.m; sourceTree = "<group>"; };
		E757D3621C40ACBE007F3A6D /* MASConstraintMaker.h */ = {isa = PBXFileReference; fileEncoding = 4; lastKnownFileType = sourcecode.c.h; path = MASConstraintMaker.h; sourceTree = "<group>"; };
		E757D3631C40ACBE007F3A6D /* MASConstraintMaker.m */ = {isa = PBXFileReference; fileEncoding = 4; lastKnownFileType = sourcecode.c.objc; path = MASConstraintMaker.m; sourceTree = "<group>"; };
		E757D3641C40ACBE007F3A6D /* MASLayoutConstraint.h */ = {isa = PBXFileReference; fileEncoding = 4; lastKnownFileType = sourcecode.c.h; path = MASLayoutConstraint.h; sourceTree = "<group>"; };
		E757D3651C40ACBE007F3A6D /* MASLayoutConstraint.m */ = {isa = PBXFileReference; fileEncoding = 4; lastKnownFileType = sourcecode.c.objc; path = MASLayoutConstraint.m; sourceTree = "<group>"; };
		E757D3661C40ACBE007F3A6D /* Masonry.h */ = {isa = PBXFileReference; fileEncoding = 4; lastKnownFileType = sourcecode.c.h; path = Masonry.h; sourceTree = "<group>"; };
		E757D3671C40ACBE007F3A6D /* MASUtilities.h */ = {isa = PBXFileReference; fileEncoding = 4; lastKnownFileType = sourcecode.c.h; path = MASUtilities.h; sourceTree = "<group>"; };
		E757D3681C40ACBE007F3A6D /* MASViewAttribute.h */ = {isa = PBXFileReference; fileEncoding = 4; lastKnownFileType = sourcecode.c.h; path = MASViewAttribute.h; sourceTree = "<group>"; };
		E757D3691C40ACBE007F3A6D /* MASViewAttribute.m */ = {isa = PBXFileReference; fileEncoding = 4; lastKnownFileType = sourcecode.c.objc; path = MASViewAttribute.m; sourceTree = "<group>"; };
		E757D36A1C40ACBE007F3A6D /* MASViewConstraint.h */ = {isa = PBXFileReference; fileEncoding = 4; lastKnownFileType = sourcecode.c.h; path = MASViewConstraint.h; sourceTree = "<group>"; };
		E757D36B1C40ACBE007F3A6D /* MASViewConstraint.m */ = {isa = PBXFileReference; fileEncoding = 4; lastKnownFileType = sourcecode.c.objc; path = MASViewConstraint.m; sourceTree = "<group>"; };
		E757D36C1C40ACBE007F3A6D /* NSArray+MASAdditions.h */ = {isa = PBXFileReference; fileEncoding = 4; lastKnownFileType = sourcecode.c.h; path = "NSArray+MASAdditions.h"; sourceTree = "<group>"; };
		E757D36D1C40ACBE007F3A6D /* NSArray+MASAdditions.m */ = {isa = PBXFileReference; fileEncoding = 4; lastKnownFileType = sourcecode.c.objc; path = "NSArray+MASAdditions.m"; sourceTree = "<group>"; };
		E757D36E1C40ACBE007F3A6D /* NSArray+MASShorthandAdditions.h */ = {isa = PBXFileReference; fileEncoding = 4; lastKnownFileType = sourcecode.c.h; path = "NSArray+MASShorthandAdditions.h"; sourceTree = "<group>"; };
		E757D36F1C40ACBE007F3A6D /* NSLayoutConstraint+MASDebugAdditions.h */ = {isa = PBXFileReference; fileEncoding = 4; lastKnownFileType = sourcecode.c.h; path = "NSLayoutConstraint+MASDebugAdditions.h"; sourceTree = "<group>"; };
		E757D3701C40ACBE007F3A6D /* NSLayoutConstraint+MASDebugAdditions.m */ = {isa = PBXFileReference; fileEncoding = 4; lastKnownFileType = sourcecode.c.objc; path = "NSLayoutConstraint+MASDebugAdditions.m"; sourceTree = "<group>"; };
		E757D3711C40ACBE007F3A6D /* View+MASAdditions.h */ = {isa = PBXFileReference; fileEncoding = 4; lastKnownFileType = sourcecode.c.h; path = "View+MASAdditions.h"; sourceTree = "<group>"; };
		E757D3721C40ACBE007F3A6D /* View+MASAdditions.m */ = {isa = PBXFileReference; fileEncoding = 4; lastKnownFileType = sourcecode.c.objc; path = "View+MASAdditions.m"; sourceTree = "<group>"; };
		E757D3731C40ACBE007F3A6D /* View+MASShorthandAdditions.h */ = {isa = PBXFileReference; fileEncoding = 4; lastKnownFileType = sourcecode.c.h; path = "View+MASShorthandAdditions.h"; sourceTree = "<group>"; };
		E757D3741C40ACBE007F3A6D /* ViewController+MASAdditions.h */ = {isa = PBXFileReference; fileEncoding = 4; lastKnownFileType = sourcecode.c.h; path = "ViewController+MASAdditions.h"; sourceTree = "<group>"; };
		E757D3751C40ACBE007F3A6D /* ViewController+MASAdditions.m */ = {isa = PBXFileReference; fileEncoding = 4; lastKnownFileType = sourcecode.c.objc; path = "ViewController+MASAdditions.m"; sourceTree = "<group>"; };
		E757D3821C40CD61007F3A6D /* ZYY_LoginControl.h */ = {isa = PBXFileReference; fileEncoding = 4; lastKnownFileType = sourcecode.c.h; path = ZYY_LoginControl.h; sourceTree = "<group>"; };
		E757D3831C40CD61007F3A6D /* ZYY_LoginControl.m */ = {isa = PBXFileReference; fileEncoding = 4; lastKnownFileType = sourcecode.c.objc; path = ZYY_LoginControl.m; sourceTree = "<group>"; };
		E757D3841C40CD61007F3A6D /* ZYY_LoginControl.xib */ = {isa = PBXFileReference; fileEncoding = 4; lastKnownFileType = file.xib; path = ZYY_LoginControl.xib; sourceTree = "<group>"; };
		E757D3871C413CE8007F3A6D /* ZYY_RegistControl.h */ = {isa = PBXFileReference; fileEncoding = 4; lastKnownFileType = sourcecode.c.h; path = ZYY_RegistControl.h; sourceTree = "<group>"; };
		E757D3881C413CE8007F3A6D /* ZYY_RegistControl.m */ = {isa = PBXFileReference; fileEncoding = 4; lastKnownFileType = sourcecode.c.objc; path = ZYY_RegistControl.m; sourceTree = "<group>"; };
		E757D3891C413CE8007F3A6D /* ZYY_RegistControl.xib */ = {isa = PBXFileReference; fileEncoding = 4; lastKnownFileType = file.xib; path = ZYY_RegistControl.xib; sourceTree = "<group>"; };
		E7665B181C5074FD006F3AF0 /* AFHTTPSessionManager.h */ = {isa = PBXFileReference; fileEncoding = 4; lastKnownFileType = sourcecode.c.h; path = AFHTTPSessionManager.h; sourceTree = "<group>"; };
		E7665B191C5074FD006F3AF0 /* AFHTTPSessionManager.m */ = {isa = PBXFileReference; fileEncoding = 4; lastKnownFileType = sourcecode.c.objc; path = AFHTTPSessionManager.m; sourceTree = "<group>"; };
		E7665B1A1C5074FD006F3AF0 /* AFNetworking.h */ = {isa = PBXFileReference; fileEncoding = 4; lastKnownFileType = sourcecode.c.h; path = AFNetworking.h; sourceTree = "<group>"; };
		E7665B1B1C5074FD006F3AF0 /* AFNetworkReachabilityManager.h */ = {isa = PBXFileReference; fileEncoding = 4; lastKnownFileType = sourcecode.c.h; path = AFNetworkReachabilityManager.h; sourceTree = "<group>"; };
		E7665B1C1C5074FD006F3AF0 /* AFNetworkReachabilityManager.m */ = {isa = PBXFileReference; fileEncoding = 4; lastKnownFileType = sourcecode.c.objc; path = AFNetworkReachabilityManager.m; sourceTree = "<group>"; };
		E7665B1D1C5074FD006F3AF0 /* AFSecurityPolicy.h */ = {isa = PBXFileReference; fileEncoding = 4; lastKnownFileType = sourcecode.c.h; path = AFSecurityPolicy.h; sourceTree = "<group>"; };
		E7665B1E1C5074FD006F3AF0 /* AFSecurityPolicy.m */ = {isa = PBXFileReference; fileEncoding = 4; lastKnownFileType = sourcecode.c.objc; path = AFSecurityPolicy.m; sourceTree = "<group>"; };
		E7665B1F1C5074FD006F3AF0 /* AFURLRequestSerialization.h */ = {isa = PBXFileReference; fileEncoding = 4; lastKnownFileType = sourcecode.c.h; path = AFURLRequestSerialization.h; sourceTree = "<group>"; };
		E7665B201C5074FD006F3AF0 /* AFURLRequestSerialization.m */ = {isa = PBXFileReference; fileEncoding = 4; lastKnownFileType = sourcecode.c.objc; path = AFURLRequestSerialization.m; sourceTree = "<group>"; };
		E7665B211C5074FD006F3AF0 /* AFURLResponseSerialization.h */ = {isa = PBXFileReference; fileEncoding = 4; lastKnownFileType = sourcecode.c.h; path = AFURLResponseSerialization.h; sourceTree = "<group>"; };
		E7665B221C5074FD006F3AF0 /* AFURLResponseSerialization.m */ = {isa = PBXFileReference; fileEncoding = 4; lastKnownFileType = sourcecode.c.objc; path = AFURLResponseSerialization.m; sourceTree = "<group>"; };
		E7665B231C5074FD006F3AF0 /* AFURLSessionManager.h */ = {isa = PBXFileReference; fileEncoding = 4; lastKnownFileType = sourcecode.c.h; path = AFURLSessionManager.h; sourceTree = "<group>"; };
		E7665B241C5074FD006F3AF0 /* AFURLSessionManager.m */ = {isa = PBXFileReference; fileEncoding = 4; lastKnownFileType = sourcecode.c.objc; path = AFURLSessionManager.m; sourceTree = "<group>"; };
		E77AD7411C44A62B000A18C6 /* Address.plist */ = {isa = PBXFileReference; fileEncoding = 4; lastKnownFileType = text.plist.xml; path = Address.plist; sourceTree = "<group>"; };
		E77AD7431C44D35B000A18C6 /* ZYY_ChangeCode.h */ = {isa = PBXFileReference; fileEncoding = 4; lastKnownFileType = sourcecode.c.h; path = ZYY_ChangeCode.h; sourceTree = "<group>"; };
		E77AD7441C44D35B000A18C6 /* ZYY_ChangeCode.m */ = {isa = PBXFileReference; fileEncoding = 4; lastKnownFileType = sourcecode.c.objc; path = ZYY_ChangeCode.m; sourceTree = "<group>"; };
		E77AD7451C44D35B000A18C6 /* ZYY_ChangeCode.xib */ = {isa = PBXFileReference; fileEncoding = 4; lastKnownFileType = file.xib; path = ZYY_ChangeCode.xib; sourceTree = "<group>"; };
		E77AD7481C44E323000A18C6 /* ZYY_RetrievePasswordView.h */ = {isa = PBXFileReference; fileEncoding = 4; lastKnownFileType = sourcecode.c.h; path = ZYY_RetrievePasswordView.h; sourceTree = "<group>"; };
		E77AD7491C44E323000A18C6 /* ZYY_RetrievePasswordView.m */ = {isa = PBXFileReference; fileEncoding = 4; lastKnownFileType = sourcecode.c.objc; path = ZYY_RetrievePasswordView.m; sourceTree = "<group>"; };
		E77AD74A1C44E323000A18C6 /* ZYY_RetrievePasswordView.xib */ = {isa = PBXFileReference; fileEncoding = 4; lastKnownFileType = file.xib; path = ZYY_RetrievePasswordView.xib; sourceTree = "<group>"; };
		E77AD74D1C44FC62000A18C6 /* ZYY_EquipmentDetailVie.h */ = {isa = PBXFileReference; fileEncoding = 4; lastKnownFileType = sourcecode.c.h; path = ZYY_EquipmentDetailVie.h; sourceTree = "<group>"; };
		E77AD74E1C44FC62000A18C6 /* ZYY_EquipmentDetailVie.m */ = {isa = PBXFileReference; fileEncoding = 4; lastKnownFileType = sourcecode.c.objc; path = ZYY_EquipmentDetailVie.m; sourceTree = "<group>"; };
		E77AD74F1C44FC62000A18C6 /* ZYY_EquipmentDetailVie.xib */ = {isa = PBXFileReference; fileEncoding = 4; lastKnownFileType = file.xib; path = ZYY_EquipmentDetailVie.xib; sourceTree = "<group>"; };
		E77AD7521C450228000A18C6 /* ZYY_CollectionViewCell.h */ = {isa = PBXFileReference; fileEncoding = 4; lastKnownFileType = sourcecode.c.h; path = ZYY_CollectionViewCell.h; sourceTree = "<group>"; };
		E77AD7531C450228000A18C6 /* ZYY_CollectionViewCell.m */ = {isa = PBXFileReference; fileEncoding = 4; lastKnownFileType = sourcecode.c.objc; path = ZYY_CollectionViewCell.m; sourceTree = "<group>"; };
		E77BCAA11C585BDD000B8353 /* UIColor+flat.h */ = {isa = PBXFileReference; fileEncoding = 4; lastKnownFileType = sourcecode.c.h; path = "UIColor+flat.h"; sourceTree = "<group>"; };
		E77BCAA21C585BDD000B8353 /* UIColor+flat.m */ = {isa = PBXFileReference; fileEncoding = 4; lastKnownFileType = sourcecode.c.objc; path = "UIColor+flat.m"; sourceTree = "<group>"; };
		E77BCAAD1C5860A1000B8353 /* FeThreeDotGlow.h */ = {isa = PBXFileReference; fileEncoding = 4; lastKnownFileType = sourcecode.c.h; path = FeThreeDotGlow.h; sourceTree = "<group>"; };
		E77BCAAE1C5860A1000B8353 /* FeThreeDotGlow.m */ = {isa = PBXFileReference; fileEncoding = 4; lastKnownFileType = sourcecode.c.objc; path = FeThreeDotGlow.m; sourceTree = "<group>"; };
		E77BCAB11C586A94000B8353 /* AsyncSocket.h */ = {isa = PBXFileReference; fileEncoding = 4; lastKnownFileType = sourcecode.c.h; path = AsyncSocket.h; sourceTree = "<group>"; };
		E77BCAB21C586A94000B8353 /* AsyncSocket.m */ = {isa = PBXFileReference; fileEncoding = 4; lastKnownFileType = sourcecode.c.objc; path = AsyncSocket.m; sourceTree = "<group>"; };
		E77BCAB31C586A94000B8353 /* AsyncUdpSocket.h */ = {isa = PBXFileReference; fileEncoding = 4; lastKnownFileType = sourcecode.c.h; path = AsyncUdpSocket.h; sourceTree = "<group>"; };
		E77BCAB41C586A94000B8353 /* AsyncUdpSocket.m */ = {isa = PBXFileReference; fileEncoding = 4; lastKnownFileType = sourcecode.c.objc; path = AsyncUdpSocket.m; sourceTree = "<group>"; };
		E77BCB041C58D4DF000B8353 /* MKAnnotationView+WebCache.h */ = {isa = PBXFileReference; fileEncoding = 4; lastKnownFileType = sourcecode.c.h; path = "MKAnnotationView+WebCache.h"; sourceTree = "<group>"; };
		E77BCB051C58D4DF000B8353 /* MKAnnotationView+WebCache.m */ = {isa = PBXFileReference; fileEncoding = 4; lastKnownFileType = sourcecode.c.objc; path = "MKAnnotationView+WebCache.m"; sourceTree = "<group>"; };
		E77BCB061C58D4DF000B8353 /* NSData+ImageContentType.h */ = {isa = PBXFileReference; fileEncoding = 4; lastKnownFileType = sourcecode.c.h; path = "NSData+ImageContentType.h"; sourceTree = "<group>"; };
		E77BCB071C58D4DF000B8353 /* NSData+ImageContentType.m */ = {isa = PBXFileReference; fileEncoding = 4; lastKnownFileType = sourcecode.c.objc; path = "NSData+ImageContentType.m"; sourceTree = "<group>"; };
		E77BCB081C58D4DF000B8353 /* SDImageCache.h */ = {isa = PBXFileReference; fileEncoding = 4; lastKnownFileType = sourcecode.c.h; path = SDImageCache.h; sourceTree = "<group>"; };
		E77BCB091C58D4DF000B8353 /* SDImageCache.m */ = {isa = PBXFileReference; fileEncoding = 4; lastKnownFileType = sourcecode.c.objc; path = SDImageCache.m; sourceTree = "<group>"; };
		E77BCB0A1C58D4DF000B8353 /* SDWebImageCompat.h */ = {isa = PBXFileReference; fileEncoding = 4; lastKnownFileType = sourcecode.c.h; path = SDWebImageCompat.h; sourceTree = "<group>"; };
		E77BCB0B1C58D4DF000B8353 /* SDWebImageCompat.m */ = {isa = PBXFileReference; fileEncoding = 4; lastKnownFileType = sourcecode.c.objc; path = SDWebImageCompat.m; sourceTree = "<group>"; };
		E77BCB0C1C58D4DF000B8353 /* SDWebImageDecoder.h */ = {isa = PBXFileReference; fileEncoding = 4; lastKnownFileType = sourcecode.c.h; path = SDWebImageDecoder.h; sourceTree = "<group>"; };
		E77BCB0D1C58D4DF000B8353 /* SDWebImageDecoder.m */ = {isa = PBXFileReference; fileEncoding = 4; lastKnownFileType = sourcecode.c.objc; path = SDWebImageDecoder.m; sourceTree = "<group>"; };
		E77BCB0E1C58D4DF000B8353 /* SDWebImageDownloader.h */ = {isa = PBXFileReference; fileEncoding = 4; lastKnownFileType = sourcecode.c.h; path = SDWebImageDownloader.h; sourceTree = "<group>"; };
		E77BCB0F1C58D4DF000B8353 /* SDWebImageDownloader.m */ = {isa = PBXFileReference; fileEncoding = 4; lastKnownFileType = sourcecode.c.objc; path = SDWebImageDownloader.m; sourceTree = "<group>"; };
		E77BCB101C58D4DF000B8353 /* SDWebImageDownloaderOperation.h */ = {isa = PBXFileReference; fileEncoding = 4; lastKnownFileType = sourcecode.c.h; path = SDWebImageDownloaderOperation.h; sourceTree = "<group>"; };
		E77BCB111C58D4DF000B8353 /* SDWebImageDownloaderOperation.m */ = {isa = PBXFileReference; fileEncoding = 4; lastKnownFileType = sourcecode.c.objc; path = SDWebImageDownloaderOperation.m; sourceTree = "<group>"; };
		E77BCB121C58D4DF000B8353 /* SDWebImageManager.h */ = {isa = PBXFileReference; fileEncoding = 4; lastKnownFileType = sourcecode.c.h; path = SDWebImageManager.h; sourceTree = "<group>"; };
		E77BCB131C58D4DF000B8353 /* SDWebImageManager.m */ = {isa = PBXFileReference; fileEncoding = 4; lastKnownFileType = sourcecode.c.objc; path = SDWebImageManager.m; sourceTree = "<group>"; };
		E77BCB141C58D4DF000B8353 /* SDWebImageOperation.h */ = {isa = PBXFileReference; fileEncoding = 4; lastKnownFileType = sourcecode.c.h; path = SDWebImageOperation.h; sourceTree = "<group>"; };
		E77BCB151C58D4DF000B8353 /* SDWebImagePrefetcher.h */ = {isa = PBXFileReference; fileEncoding = 4; lastKnownFileType = sourcecode.c.h; path = SDWebImagePrefetcher.h; sourceTree = "<group>"; };
		E77BCB161C58D4DF000B8353 /* SDWebImagePrefetcher.m */ = {isa = PBXFileReference; fileEncoding = 4; lastKnownFileType = sourcecode.c.objc; path = SDWebImagePrefetcher.m; sourceTree = "<group>"; };
		E77BCB171C58D4DF000B8353 /* UIButton+WebCache.h */ = {isa = PBXFileReference; fileEncoding = 4; lastKnownFileType = sourcecode.c.h; path = "UIButton+WebCache.h"; sourceTree = "<group>"; };
		E77BCB181C58D4DF000B8353 /* UIButton+WebCache.m */ = {isa = PBXFileReference; fileEncoding = 4; lastKnownFileType = sourcecode.c.objc; path = "UIButton+WebCache.m"; sourceTree = "<group>"; };
		E77BCB191C58D4DF000B8353 /* UIImage+GIF.h */ = {isa = PBXFileReference; fileEncoding = 4; lastKnownFileType = sourcecode.c.h; path = "UIImage+GIF.h"; sourceTree = "<group>"; };
		E77BCB1A1C58D4DF000B8353 /* UIImage+GIF.m */ = {isa = PBXFileReference; fileEncoding = 4; lastKnownFileType = sourcecode.c.objc; path = "UIImage+GIF.m"; sourceTree = "<group>"; };
		E77BCB1B1C58D4DF000B8353 /* UIImage+MultiFormat.h */ = {isa = PBXFileReference; fileEncoding = 4; lastKnownFileType = sourcecode.c.h; path = "UIImage+MultiFormat.h"; sourceTree = "<group>"; };
		E77BCB1C1C58D4DF000B8353 /* UIImage+MultiFormat.m */ = {isa = PBXFileReference; fileEncoding = 4; lastKnownFileType = sourcecode.c.objc; path = "UIImage+MultiFormat.m"; sourceTree = "<group>"; };
		E77BCB1D1C58D4DF000B8353 /* UIImage+WebP.h */ = {isa = PBXFileReference; fileEncoding = 4; lastKnownFileType = sourcecode.c.h; path = "UIImage+WebP.h"; sourceTree = "<group>"; };
		E77BCB1E1C58D4DF000B8353 /* UIImage+WebP.m */ = {isa = PBXFileReference; fileEncoding = 4; lastKnownFileType = sourcecode.c.objc; path = "UIImage+WebP.m"; sourceTree = "<group>"; };
		E77BCB1F1C58D4DF000B8353 /* UIImageView+HighlightedWebCache.h */ = {isa = PBXFileReference; fileEncoding = 4; lastKnownFileType = sourcecode.c.h; path = "UIImageView+HighlightedWebCache.h"; sourceTree = "<group>"; };
		E77BCB201C58D4DF000B8353 /* UIImageView+HighlightedWebCache.m */ = {isa = PBXFileReference; fileEncoding = 4; lastKnownFileType = sourcecode.c.objc; path = "UIImageView+HighlightedWebCache.m"; sourceTree = "<group>"; };
		E77BCB211C58D4DF000B8353 /* UIImageView+WebCache.h */ = {isa = PBXFileReference; fileEncoding = 4; lastKnownFileType = sourcecode.c.h; path = "UIImageView+WebCache.h"; sourceTree = "<group>"; };
		E77BCB221C58D4DF000B8353 /* UIImageView+WebCache.m */ = {isa = PBXFileReference; fileEncoding = 4; lastKnownFileType = sourcecode.c.objc; path = "UIImageView+WebCache.m"; sourceTree = "<group>"; };
		E77BCB231C58D4DF000B8353 /* UIView+WebCacheOperation.h */ = {isa = PBXFileReference; fileEncoding = 4; lastKnownFileType = sourcecode.c.h; path = "UIView+WebCacheOperation.h"; sourceTree = "<group>"; };
		E77BCB241C58D4DF000B8353 /* UIView+WebCacheOperation.m */ = {isa = PBXFileReference; fileEncoding = 4; lastKnownFileType = sourcecode.c.objc; path = "UIView+WebCacheOperation.m"; sourceTree = "<group>"; };
		E78D1E7A1C4F57180007A58F /* libiot.a */ = {isa = PBXFileReference; lastKnownFileType = archive.ar; path = libiot.a; sourceTree = "<group>"; };
		E78D1E7C1C4F57DC0007A58F /* smtiot.h */ = {isa = PBXFileReference; fileEncoding = 4; lastKnownFileType = sourcecode.c.h; path = smtiot.h; sourceTree = "<group>"; };
		E78D1E7E1C4F61780007A58F /* ZYY_GetInfoFromInternet.h */ = {isa = PBXFileReference; fileEncoding = 4; lastKnownFileType = sourcecode.c.h; path = ZYY_GetInfoFromInternet.h; sourceTree = "<group>"; };
		E78D1E7F1C4F61780007A58F /* ZYY_GetInfoFromInternet.m */ = {isa = PBXFileReference; fileEncoding = 4; lastKnownFileType = sourcecode.c.objc; path = ZYY_GetInfoFromInternet.m; sourceTree = "<group>"; };
		E78D1E811C4F7B4D0007A58F /* ZYY_User.h */ = {isa = PBXFileReference; fileEncoding = 4; lastKnownFileType = sourcecode.c.h; path = ZYY_User.h; sourceTree = "<group>"; };
		E78D1E821C4F7B4D0007A58F /* ZYY_User.m */ = {isa = PBXFileReference; fileEncoding = 4; lastKnownFileType = sourcecode.c.objc; path = ZYY_User.m; sourceTree = "<group>"; };
		E7EE6CA91C434A2F00CB3810 /* ZYY_UserReglationView.h */ = {isa = PBXFileReference; fileEncoding = 4; lastKnownFileType = sourcecode.c.h; path = ZYY_UserReglationView.h; sourceTree = "<group>"; };
		E7EE6CAA1C434A2F00CB3810 /* ZYY_UserReglationView.m */ = {isa = PBXFileReference; fileEncoding = 4; lastKnownFileType = sourcecode.c.objc; path = ZYY_UserReglationView.m; sourceTree = "<group>"; };
		E7EE6CAC1C434AC000CB3810 /* ZYY_VersionExplainView.h */ = {isa = PBXFileReference; fileEncoding = 4; lastKnownFileType = sourcecode.c.h; path = ZYY_VersionExplainView.h; sourceTree = "<group>"; };
		E7EE6CAD1C434AC000CB3810 /* ZYY_VersionExplainView.m */ = {isa = PBXFileReference; fileEncoding = 4; lastKnownFileType = sourcecode.c.objc; path = ZYY_VersionExplainView.m; sourceTree = "<group>"; };
/* End PBXFileReference section */

/* Begin PBXFrameworksBuildPhase section */
		E711F5451C3F95D800485406 /* Frameworks */ = {
			isa = PBXFrameworksBuildPhase;
			buildActionMask = 2147483647;
			files = (
				E718B3B21C5A28E00024583B /* libj2t_lib.a in Frameworks */,
				E78D1E7B1C4F57180007A58F /* libiot.a in Frameworks */,
				E718B3B31C5A28E00024583B /* libMQTTClient.a in Frameworks */,
				E7030B791C4DF5CD0015F552 /* SystemConfiguration.framework in Frameworks */,
			);
			runOnlyForDeploymentPostprocessing = 0;
		};
		E711F55E1C3F95D800485406 /* Frameworks */ = {
			isa = PBXFrameworksBuildPhase;
			buildActionMask = 2147483647;
			files = (
			);
			runOnlyForDeploymentPostprocessing = 0;
		};
		E711F5691C3F95D800485406 /* Frameworks */ = {
			isa = PBXFrameworksBuildPhase;
			buildActionMask = 2147483647;
			files = (
			);
			runOnlyForDeploymentPostprocessing = 0;
		};
/* End PBXFrameworksBuildPhase section */

/* Begin PBXGroup section */
		E7030B671C4DF1270015F552 /* BasicObject */ = {
			isa = PBXGroup;
			children = (
				E7204E661C47AED1005D6C4D /* ZYY_LED.h */,
				E7204E671C47AED1005D6C4D /* ZYY_LED.m */,
				E78D1E811C4F7B4D0007A58F /* ZYY_User.h */,
				E78D1E821C4F7B4D0007A58F /* ZYY_User.m */,
			);
			name = BasicObject;
			sourceTree = "<group>";
		};
		E7030B6F1C4DF3F50015F552 /* ShareEquipment */ = {
			isa = PBXGroup;
			children = (
				E7030B701C4DF3F50015F552 /* ZYY_ChooseShareWayView.h */,
				E7030B711C4DF3F50015F552 /* ZYY_ChooseShareWayView.m */,
				E7030B721C4DF3F50015F552 /* ZYY_ShareMessageView.h */,
				E7030B731C4DF3F50015F552 /* ZYY_ShareMessageView.m */,
				E7030B741C4DF3F50015F552 /* ZYY_ShareMessageView.xib */,
			);
			name = ShareEquipment;
			path = "我的分享";
			sourceTree = "<group>";
		};
		E711F53F1C3F95D800485406 = {
			isa = PBXGroup;
			children = (
				E711F54A1C3F95D800485406 /* tigercel */,
				E711F5641C3F95D800485406 /* tigercelTests */,
				E711F56F1C3F95D800485406 /* tigercelUITests */,
				E711F5491C3F95D800485406 /* Products */,
			);
			sourceTree = "<group>";
		};
		E711F5491C3F95D800485406 /* Products */ = {
			isa = PBXGroup;
			children = (
				E711F5481C3F95D800485406 /* tigercel.app */,
				E711F5611C3F95D800485406 /* tigercelTests.xctest */,
				E711F56C1C3F95D800485406 /* tigercelUITests.xctest */,
			);
			name = Products;
			sourceTree = "<group>";
		};
		E711F54A1C3F95D800485406 /* tigercel */ = {
			isa = PBXGroup;
			children = (
				E711F5831C3F969E00485406 /* basic */,
				E757D3811C40CD03007F3A6D /* Login */,
				E711F5A21C3FB82500485406 /* Information */,
				E711F5841C3F973D00485406 /* sidebar */,
				E711F57E1C3F968700485406 /* About */,
				E711F57F1C3F968700485406 /* UpDateEquipment */,
				E7030B6F1C4DF3F50015F552 /* ShareEquipment */,
				E711F5801C3F968700485406 /* HomeView */,
				E711F5811C3F968700485406 /* FeedBack */,
				E78D1E7D1C4F61310007A58F /* NetWork */,
				E711F5821C3F968700485406 /* MyRoom */,
				E711F54B1C3F95D800485406 /* Supporting Files */,
			);
			path = tigercel;
			sourceTree = "<group>";
		};
		E711F54B1C3F95D800485406 /* Supporting Files */ = {
			isa = PBXGroup;
			children = (
				E711F5571C3F95D800485406 /* Assets.xcassets */,
				E711F5591C3F95D800485406 /* LaunchScreen.storyboard */,
				E711F55C1C3F95D800485406 /* Info.plist */,
				E711F54C1C3F95D800485406 /* main.m */,
			);
			name = "Supporting Files";
			sourceTree = "<group>";
		};
		E711F5641C3F95D800485406 /* tigercelTests */ = {
			isa = PBXGroup;
			children = (
				E711F5651C3F95D800485406 /* tigercelTests.m */,
				E711F5671C3F95D800485406 /* Info.plist */,
			);
			path = tigercelTests;
			sourceTree = "<group>";
		};
		E711F56F1C3F95D800485406 /* tigercelUITests */ = {
			isa = PBXGroup;
			children = (
				E711F5701C3F95D800485406 /* tigercelUITests.m */,
				E711F5721C3F95D800485406 /* Info.plist */,
			);
			path = tigercelUITests;
			sourceTree = "<group>";
		};
		E711F57E1C3F968700485406 /* About */ = {
			isa = PBXGroup;
			children = (
				E7169C031C428C07003BD334 /* ZYY_AboutView.h */,
				E7169C041C428C07003BD334 /* ZYY_AboutView.m */,
				E7169C051C428C07003BD334 /* ZYY_AboutView.xib */,
				E7EE6CA91C434A2F00CB3810 /* ZYY_UserReglationView.h */,
				E7EE6CAA1C434A2F00CB3810 /* ZYY_UserReglationView.m */,
				E7EE6CAC1C434AC000CB3810 /* ZYY_VersionExplainView.h */,
				E7EE6CAD1C434AC000CB3810 /* ZYY_VersionExplainView.m */,
			);
			name = About;
			path = "关于";
			sourceTree = "<group>";
		};
		E711F57F1C3F968700485406 /* UpDateEquipment */ = {
			isa = PBXGroup;
			children = (
				E7169C081C42936C003BD334 /* ZYY_UpdateDeviceView.h */,
				E7169C091C42936C003BD334 /* ZYY_UpdateDeviceView.m */,
				E7169C0A1C42936C003BD334 /* ZYY_UpdateDeviceView.xib */,
			);
			name = UpDateEquipment;
			path = "设备更新";
			sourceTree = "<group>";
		};
		E711F5801C3F968700485406 /* HomeView */ = {
			isa = PBXGroup;
			children = (
				E711F58E1C3F989F00485406 /* View */,
				E711F58D1C3F985400485406 /* Controllers */,
			);
			name = HomeView;
			path = "首页";
			sourceTree = "<group>";
		};
		E711F5811C3F968700485406 /* FeedBack */ = {
			isa = PBXGroup;
			children = (
				E7169C0D1C429399003BD334 /* ZYY_ReBackView.h */,
				E7169C0E1C429399003BD334 /* ZYY_ReBackView.m */,
				E7169C0F1C429399003BD334 /* ZYY_ReBackView.xib */,
			);
			name = FeedBack;
			path = "我的反馈";
			sourceTree = "<group>";
		};
		E711F5821C3F968700485406 /* MyRoom */ = {
			isa = PBXGroup;
			children = (
				E7169C121C4293F0003BD334 /* ZYY_RoomView.h */,
				E7169C131C4293F0003BD334 /* ZYY_RoomView.m */,
				E7169C141C4293F0003BD334 /* ZYY_RoomView.xib */,
				E77AD7521C450228000A18C6 /* ZYY_CollectionViewCell.h */,
				E77AD7531C450228000A18C6 /* ZYY_CollectionViewCell.m */,
			);
			name = MyRoom;
			path = "我的房间";
			sourceTree = "<group>";
		};
		E711F5831C3F969E00485406 /* basic */ = {
			isa = PBXGroup;
			children = (
				E77BCB031C58D4DF000B8353 /* SDWebImage */,
				E77BCAB01C586A94000B8353 /* AsyncSocket */,
				E77BCA9A1C585B7A000B8353 /* LoadingAnimationView */,
				E76EA54B1C55C86A004B4100 /* DeviceControl */,
				E7665B171C5074FD006F3AF0 /* AFNetworking */,
				E7030B781C4DF5CD0015F552 /* SystemConfiguration.framework */,
				E7030B671C4DF1270015F552 /* BasicObject */,
				E7204E4B1C4771D6005D6C4D /* custom */,
				E757D35B1C40ACBE007F3A6D /* Masonry */,
				E711F5A31C3FB8C700485406 /* LeftSlideViewController */,
				E711F54E1C3F95D800485406 /* AppDelegate.h */,
				E711F54F1C3F95D800485406 /* AppDelegate.m */,
				E77AD7411C44A62B000A18C6 /* Address.plist */,
			);
			name = basic;
			path = "通用";
			sourceTree = "<group>";
		};
		E711F5841C3F973D00485406 /* sidebar */ = {
			isa = PBXGroup;
			children = (
				E711F5851C3F978900485406 /* ZYY_LeftViewController.h */,
				E711F5861C3F978900485406 /* ZYY_LeftViewController.m */,
			);
			name = sidebar;
			path = "侧拉";
			sourceTree = "<group>";
		};
		E711F58D1C3F985400485406 /* Controllers */ = {
			isa = PBXGroup;
			children = (
				E711F59D1C3FA73A00485406 /* ZYY_HomeViewController.h */,
				E711F59E1C3FA73A00485406 /* ZYY_HomeViewController.m */,
				E73275EC1C45EE26002E2570 /* ZYY_ConnectEquipment.h */,
				E73275ED1C45EE26002E2570 /* ZYY_ConnectEquipment.m */,
				E73275EE1C45EE26002E2570 /* ZYY_ConnectEquipment.xib */,
				E77AD74D1C44FC62000A18C6 /* ZYY_EquipmentDetailVie.h */,
				E77AD74E1C44FC62000A18C6 /* ZYY_EquipmentDetailVie.m */,
				E77AD74F1C44FC62000A18C6 /* ZYY_EquipmentDetailVie.xib */,
				E7204E3E1C473B78005D6C4D /* ZYY_ChangeNameView.h */,
				E7204E3F1C473B78005D6C4D /* ZYY_ChangeNameView.m */,
				E7204E401C473B78005D6C4D /* ZYY_ChangeNameView.xib */,
				E7204E431C474993005D6C4D /* ZYY_SceneChooseView.h */,
				E7204E441C474993005D6C4D /* ZYY_SceneChooseView.m */,
				E7204E451C474993005D6C4D /* ZYY_SceneChooseView.xib */,
				E7204E4C1C477308005D6C4D /* ZYY_GetColorFromImage.h */,
				E7204E4D1C477308005D6C4D /* ZYY_GetColorFromImage.m */,
				E7204E4E1C477308005D6C4D /* ZYY_GetColorFromImage.xib */,
				E7204E571C4793A8005D6C4D /* ZYY_SetTimeView.h */,
				E7204E581C4793A8005D6C4D /* ZYY_SetTimeView.m */,
				E7204E591C4793A8005D6C4D /* ZYY_SetTimeView.xib */,
				E7204E611C47A6A6005D6C4D /* ZYY_PickerDayView.h */,
				E7204E621C47A6A6005D6C4D /* ZYY_PickerDayView.m */,
				E7204E631C47A6A6005D6C4D /* ZYY_PickerDayView.xib */,
			);
			name = Controllers;
			sourceTree = "<group>";
		};
		E711F58E1C3F989F00485406 /* View */ = {
			isa = PBXGroup;
			children = (
				E711F58F1C3F990500485406 /* ZYY_HomeTableViewCell.h */,
				E711F5901C3F990500485406 /* ZYY_HomeTableViewCell.m */,
				E711F5911C3F990500485406 /* ZYY_HomeTableViewCell.xib */,
				E73275F11C463731002E2570 /* ZYY_SliderControl.h */,
				E73275F21C463731002E2570 /* ZYY_SliderControl.m */,
				E73275F31C463731002E2570 /* ZYY_SliderControl.xib */,
				E7030B6C1C4DF20D0015F552 /* ZYY_TimeTableViewCell.h */,
				E7030B6D1C4DF20D0015F552 /* ZYY_TimeTableViewCell.m */,
			);
			name = View;
			sourceTree = "<group>";
		};
		E711F5A21C3FB82500485406 /* Information */ = {
			isa = PBXGroup;
			children = (
				E7169C171C4294CB003BD334 /* ZYY_MyInformationView.h */,
				E7169C181C4294CB003BD334 /* ZYY_MyInformationView.m */,
				E7169C191C4294CB003BD334 /* ZYY_MyInformationView.xib */,
				E77AD7431C44D35B000A18C6 /* ZYY_ChangeCode.h */,
				E77AD7441C44D35B000A18C6 /* ZYY_ChangeCode.m */,
				E77AD7451C44D35B000A18C6 /* ZYY_ChangeCode.xib */,
				E77AD7481C44E323000A18C6 /* ZYY_RetrievePasswordView.h */,
				E77AD7491C44E323000A18C6 /* ZYY_RetrievePasswordView.m */,
				E77AD74A1C44E323000A18C6 /* ZYY_RetrievePasswordView.xib */,
			);
			name = Information;
			path = "个人资料";
			sourceTree = "<group>";
		};
		E711F5A31C3FB8C700485406 /* LeftSlideViewController */ = {
			isa = PBXGroup;
			children = (
				E711F5A41C3FB8C700485406 /* LeftSlideViewController.h */,
				E711F5A51C3FB8C700485406 /* LeftSlideViewController.m */,
				E711F5A61C3FB8C700485406 /* UIView_extra.h */,
				E711F5A71C3FB8C700485406 /* UIView_extra.m */,
			);
			path = LeftSlideViewController;
			sourceTree = "<group>";
		};
		E7204E4B1C4771D6005D6C4D /* custom */ = {
			isa = PBXGroup;
			children = (
				E7030B691C4DF1730015F552 /* ZYY_ScrollView.h */,
				E7030B6A1C4DF1730015F552 /* ZYY_ScrollView.m */,
				E7204E541C478308005D6C4D /* UIImageView+ZYY_GetColor.h */,
				E7204E551C478308005D6C4D /* UIImageView+ZYY_GetColor.m */,
			);
			name = custom;
			sourceTree = "<group>";
		};
		E757D35B1C40ACBE007F3A6D /* Masonry */ = {
			isa = PBXGroup;
			children = (
				E757D35C1C40ACBE007F3A6D /* Info.plist */,
				E757D35D1C40ACBE007F3A6D /* MASCompositeConstraint.h */,
				E757D35E1C40ACBE007F3A6D /* MASCompositeConstraint.m */,
				E757D35F1C40ACBE007F3A6D /* MASConstraint+Private.h */,
				E757D3601C40ACBE007F3A6D /* MASConstraint.h */,
				E757D3611C40ACBE007F3A6D /* MASConstraint.m */,
				E757D3621C40ACBE007F3A6D /* MASConstraintMaker.h */,
				E757D3631C40ACBE007F3A6D /* MASConstraintMaker.m */,
				E757D3641C40ACBE007F3A6D /* MASLayoutConstraint.h */,
				E757D3651C40ACBE007F3A6D /* MASLayoutConstraint.m */,
				E757D3661C40ACBE007F3A6D /* Masonry.h */,
				E757D3671C40ACBE007F3A6D /* MASUtilities.h */,
				E757D3681C40ACBE007F3A6D /* MASViewAttribute.h */,
				E757D3691C40ACBE007F3A6D /* MASViewAttribute.m */,
				E757D36A1C40ACBE007F3A6D /* MASViewConstraint.h */,
				E757D36B1C40ACBE007F3A6D /* MASViewConstraint.m */,
				E757D36C1C40ACBE007F3A6D /* NSArray+MASAdditions.h */,
				E757D36D1C40ACBE007F3A6D /* NSArray+MASAdditions.m */,
				E757D36E1C40ACBE007F3A6D /* NSArray+MASShorthandAdditions.h */,
				E757D36F1C40ACBE007F3A6D /* NSLayoutConstraint+MASDebugAdditions.h */,
				E757D3701C40ACBE007F3A6D /* NSLayoutConstraint+MASDebugAdditions.m */,
				E757D3711C40ACBE007F3A6D /* View+MASAdditions.h */,
				E757D3721C40ACBE007F3A6D /* View+MASAdditions.m */,
				E757D3731C40ACBE007F3A6D /* View+MASShorthandAdditions.h */,
				E757D3741C40ACBE007F3A6D /* ViewController+MASAdditions.h */,
				E757D3751C40ACBE007F3A6D /* ViewController+MASAdditions.m */,
			);
			path = Masonry;
			sourceTree = "<group>";
		};
		E757D3811C40CD03007F3A6D /* Login */ = {
			isa = PBXGroup;
			children = (
				E757D3821C40CD61007F3A6D /* ZYY_LoginControl.h */,
				E757D3831C40CD61007F3A6D /* ZYY_LoginControl.m */,
				E757D3841C40CD61007F3A6D /* ZYY_LoginControl.xib */,
				E757D3871C413CE8007F3A6D /* ZYY_RegistControl.h */,
				E757D3881C413CE8007F3A6D /* ZYY_RegistControl.m */,
				E757D3891C413CE8007F3A6D /* ZYY_RegistControl.xib */,
				E7244C2C1C42136C00B2B0C6 /* ZYY_WriteInformation.h */,
				E7244C2D1C42136C00B2B0C6 /* ZYY_WriteInformation.m */,
				E7244C2E1C42136C00B2B0C6 /* ZYY_WriteInformation.xib */,
				E7169BFE1C424AC9003BD334 /* ZYY_ProtocolView.h */,
				E7169BFF1C424AC9003BD334 /* ZYY_ProtocolView.m */,
				E7169C001C424AC9003BD334 /* ZYY_ProtocolView.xib */,
			);
			name = Login;
			path = "登陆";
			sourceTree = "<group>";
		};
		E7665B171C5074FD006F3AF0 /* AFNetworking */ = {
			isa = PBXGroup;
			children = (
				E7665B181C5074FD006F3AF0 /* AFHTTPSessionManager.h */,
				E7665B191C5074FD006F3AF0 /* AFHTTPSessionManager.m */,
				E7665B1A1C5074FD006F3AF0 /* AFNetworking.h */,
				E7665B1B1C5074FD006F3AF0 /* AFNetworkReachabilityManager.h */,
				E7665B1C1C5074FD006F3AF0 /* AFNetworkReachabilityManager.m */,
				E7665B1D1C5074FD006F3AF0 /* AFSecurityPolicy.h */,
				E7665B1E1C5074FD006F3AF0 /* AFSecurityPolicy.m */,
				E7665B1F1C5074FD006F3AF0 /* AFURLRequestSerialization.h */,
				E7665B201C5074FD006F3AF0 /* AFURLRequestSerialization.m */,
				E7665B211C5074FD006F3AF0 /* AFURLResponseSerialization.h */,
				E7665B221C5074FD006F3AF0 /* AFURLResponseSerialization.m */,
				E7665B231C5074FD006F3AF0 /* AFURLSessionManager.h */,
				E7665B241C5074FD006F3AF0 /* AFURLSessionManager.m */,
			);
			path = AFNetworking;
			sourceTree = "<group>";
		};
		E76EA54B1C55C86A004B4100 /* DeviceControl */ = {
			isa = PBXGroup;
			children = (
				E718B3A81C5A28E00024583B /* cJSON.h */,
				E718B3A91C5A28E00024583B /* iot_mod_lwm2m_json.h */,
				E718B3AA1C5A28E00024583B /* iot_mod_lwm2m.h */,
				E718B3AB1C5A28E00024583B /* libj2t_lib.a */,
				E718B3AC1C5A28E00024583B /* libMQTTClient.a */,
				E718B3AD1C5A28E00024583B /* MQTTClient.h */,
				E718B3AE1C5A28E00024583B /* MQTTClientPersistence.h */,
				E78D1E7A1C4F57180007A58F /* libiot.a */,
				E78D1E7C1C4F57DC0007A58F /* smtiot.h */,
			);
			name = DeviceControl;
			sourceTree = "<group>";
		};
		E77BCA9A1C585B7A000B8353 /* LoadingAnimationView */ = {
			isa = PBXGroup;
			children = (
				E77BCAA11C585BDD000B8353 /* UIColor+flat.h */,
				E77BCAA21C585BDD000B8353 /* UIColor+flat.m */,
				E77BCAAD1C5860A1000B8353 /* FeThreeDotGlow.h */,
				E77BCAAE1C5860A1000B8353 /* FeThreeDotGlow.m */,
			);
			path = LoadingAnimationView;
			sourceTree = "<group>";
		};
		E77BCAB01C586A94000B8353 /* AsyncSocket */ = {
			isa = PBXGroup;
			children = (
				E77BCAB11C586A94000B8353 /* AsyncSocket.h */,
				E77BCAB21C586A94000B8353 /* AsyncSocket.m */,
				E77BCAB31C586A94000B8353 /* AsyncUdpSocket.h */,
				E77BCAB41C586A94000B8353 /* AsyncUdpSocket.m */,
			);
			path = AsyncSocket;
			sourceTree = "<group>";
		};
		E77BCB031C58D4DF000B8353 /* SDWebImage */ = {
			isa = PBXGroup;
			children = (
				E77BCB041C58D4DF000B8353 /* MKAnnotationView+WebCache.h */,
				E77BCB051C58D4DF000B8353 /* MKAnnotationView+WebCache.m */,
				E77BCB061C58D4DF000B8353 /* NSData+ImageContentType.h */,
				E77BCB071C58D4DF000B8353 /* NSData+ImageContentType.m */,
				E77BCB081C58D4DF000B8353 /* SDImageCache.h */,
				E77BCB091C58D4DF000B8353 /* SDImageCache.m */,
				E77BCB0A1C58D4DF000B8353 /* SDWebImageCompat.h */,
				E77BCB0B1C58D4DF000B8353 /* SDWebImageCompat.m */,
				E77BCB0C1C58D4DF000B8353 /* SDWebImageDecoder.h */,
				E77BCB0D1C58D4DF000B8353 /* SDWebImageDecoder.m */,
				E77BCB0E1C58D4DF000B8353 /* SDWebImageDownloader.h */,
				E77BCB0F1C58D4DF000B8353 /* SDWebImageDownloader.m */,
				E77BCB101C58D4DF000B8353 /* SDWebImageDownloaderOperation.h */,
				E77BCB111C58D4DF000B8353 /* SDWebImageDownloaderOperation.m */,
				E77BCB121C58D4DF000B8353 /* SDWebImageManager.h */,
				E77BCB131C58D4DF000B8353 /* SDWebImageManager.m */,
				E77BCB141C58D4DF000B8353 /* SDWebImageOperation.h */,
				E77BCB151C58D4DF000B8353 /* SDWebImagePrefetcher.h */,
				E77BCB161C58D4DF000B8353 /* SDWebImagePrefetcher.m */,
				E77BCB171C58D4DF000B8353 /* UIButton+WebCache.h */,
				E77BCB181C58D4DF000B8353 /* UIButton+WebCache.m */,
				E77BCB191C58D4DF000B8353 /* UIImage+GIF.h */,
				E77BCB1A1C58D4DF000B8353 /* UIImage+GIF.m */,
				E77BCB1B1C58D4DF000B8353 /* UIImage+MultiFormat.h */,
				E77BCB1C1C58D4DF000B8353 /* UIImage+MultiFormat.m */,
				E77BCB1D1C58D4DF000B8353 /* UIImage+WebP.h */,
				E77BCB1E1C58D4DF000B8353 /* UIImage+WebP.m */,
				E77BCB1F1C58D4DF000B8353 /* UIImageView+HighlightedWebCache.h */,
				E77BCB201C58D4DF000B8353 /* UIImageView+HighlightedWebCache.m */,
				E77BCB211C58D4DF000B8353 /* UIImageView+WebCache.h */,
				E77BCB221C58D4DF000B8353 /* UIImageView+WebCache.m */,
				E77BCB231C58D4DF000B8353 /* UIView+WebCacheOperation.h */,
				E77BCB241C58D4DF000B8353 /* UIView+WebCacheOperation.m */,
			);
			path = SDWebImage;
			sourceTree = "<group>";
		};
		E78D1E7D1C4F61310007A58F /* NetWork */ = {
			isa = PBXGroup;
			children = (
				E78D1E7E1C4F61780007A58F /* ZYY_GetInfoFromInternet.h */,
				E78D1E7F1C4F61780007A58F /* ZYY_GetInfoFromInternet.m */,
			);
			name = NetWork;
			path = "我的房间";
			sourceTree = "<group>";
		};
/* End PBXGroup section */

/* Begin PBXHeadersBuildPhase section */
		E77BCABC1C58A993000B8353 /* Headers */ = {
			isa = PBXHeadersBuildPhase;
			buildActionMask = 2147483647;
			files = (
				E718B3AF1C5A28E00024583B /* cJSON.h in Headers */,
				E77BCB361C58D4DF000B8353 /* SDWebImagePrefetcher.h in Headers */,
				E77BCB421C58D4DF000B8353 /* UIImageView+WebCache.h in Headers */,
				E77BCB291C58D4DF000B8353 /* SDImageCache.h in Headers */,
				E77BCB311C58D4DF000B8353 /* SDWebImageDownloaderOperation.h in Headers */,
				E77BCB401C58D4DF000B8353 /* UIImageView+HighlightedWebCache.h in Headers */,
				E77BCB3A1C58D4DF000B8353 /* UIImage+GIF.h in Headers */,
				E77BCB271C58D4DF000B8353 /* NSData+ImageContentType.h in Headers */,
				E77BCB441C58D4DF000B8353 /* UIView+WebCacheOperation.h in Headers */,
				E77BCB2B1C58D4DF000B8353 /* SDWebImageCompat.h in Headers */,
				E77BCB3E1C58D4DF000B8353 /* UIImage+WebP.h in Headers */,
				E77BCB251C58D4DF000B8353 /* MKAnnotationView+WebCache.h in Headers */,
				E77BCB381C58D4DF000B8353 /* UIButton+WebCache.h in Headers */,
				E718B3B51C5A28E00024583B /* MQTTClientPersistence.h in Headers */,
				E718B3B41C5A28E00024583B /* MQTTClient.h in Headers */,
				E77BCB2F1C58D4DF000B8353 /* SDWebImageDownloader.h in Headers */,
				E718B3B11C5A28E00024583B /* iot_mod_lwm2m.h in Headers */,
				E77BCB3C1C58D4DF000B8353 /* UIImage+MultiFormat.h in Headers */,
				E77BCB351C58D4DF000B8353 /* SDWebImageOperation.h in Headers */,
				E77BCB2D1C58D4DF000B8353 /* SDWebImageDecoder.h in Headers */,
				E718B3B01C5A28E00024583B /* iot_mod_lwm2m_json.h in Headers */,
				E77BCB331C58D4DF000B8353 /* SDWebImageManager.h in Headers */,
			);
			runOnlyForDeploymentPostprocessing = 0;
		};
/* End PBXHeadersBuildPhase section */

/* Begin PBXNativeTarget section */
		E711F5471C3F95D800485406 /* tigercel */ = {
			isa = PBXNativeTarget;
			buildConfigurationList = E711F5751C3F95D800485406 /* Build configuration list for PBXNativeTarget "tigercel" */;
			buildPhases = (
				E711F5441C3F95D800485406 /* Sources */,
				E711F5451C3F95D800485406 /* Frameworks */,
				E711F5461C3F95D800485406 /* Resources */,
				E77BCABC1C58A993000B8353 /* Headers */,
			);
			buildRules = (
			);
			dependencies = (
			);
			name = tigercel;
			productName = tigercel;
			productReference = E711F5481C3F95D800485406 /* tigercel.app */;
			productType = "com.apple.product-type.application";
		};
		E711F5601C3F95D800485406 /* tigercelTests */ = {
			isa = PBXNativeTarget;
			buildConfigurationList = E711F5781C3F95D800485406 /* Build configuration list for PBXNativeTarget "tigercelTests" */;
			buildPhases = (
				E711F55D1C3F95D800485406 /* Sources */,
				E711F55E1C3F95D800485406 /* Frameworks */,
				E711F55F1C3F95D800485406 /* Resources */,
			);
			buildRules = (
			);
			dependencies = (
				E711F5631C3F95D800485406 /* PBXTargetDependency */,
			);
			name = tigercelTests;
			productName = tigercelTests;
			productReference = E711F5611C3F95D800485406 /* tigercelTests.xctest */;
			productType = "com.apple.product-type.bundle.unit-test";
		};
		E711F56B1C3F95D800485406 /* tigercelUITests */ = {
			isa = PBXNativeTarget;
			buildConfigurationList = E711F57B1C3F95D800485406 /* Build configuration list for PBXNativeTarget "tigercelUITests" */;
			buildPhases = (
				E711F5681C3F95D800485406 /* Sources */,
				E711F5691C3F95D800485406 /* Frameworks */,
				E711F56A1C3F95D800485406 /* Resources */,
			);
			buildRules = (
			);
			dependencies = (
				E711F56E1C3F95D800485406 /* PBXTargetDependency */,
			);
			name = tigercelUITests;
			productName = tigercelUITests;
			productReference = E711F56C1C3F95D800485406 /* tigercelUITests.xctest */;
			productType = "com.apple.product-type.bundle.ui-testing";
		};
/* End PBXNativeTarget section */

/* Begin PBXProject section */
		E711F5401C3F95D800485406 /* Project object */ = {
			isa = PBXProject;
			attributes = {
				LastUpgradeCheck = 0720;
				ORGANIZATIONNAME = "虎符通信";
				TargetAttributes = {
					E711F5471C3F95D800485406 = {
						CreatedOnToolsVersion = 7.2;
						DevelopmentTeam = 85SPX49374;
					};
					E711F5601C3F95D800485406 = {
						CreatedOnToolsVersion = 7.2;
						TestTargetID = E711F5471C3F95D800485406;
					};
					E711F56B1C3F95D800485406 = {
						CreatedOnToolsVersion = 7.2;
						TestTargetID = E711F5471C3F95D800485406;
					};
				};
			};
			buildConfigurationList = E711F5431C3F95D800485406 /* Build configuration list for PBXProject "tigercel" */;
			compatibilityVersion = "Xcode 3.2";
			developmentRegion = English;
			hasScannedForEncodings = 0;
			knownRegions = (
				en,
				Base,
			);
			mainGroup = E711F53F1C3F95D800485406;
			productRefGroup = E711F5491C3F95D800485406 /* Products */;
			projectDirPath = "";
			projectRoot = "";
			targets = (
				E711F5471C3F95D800485406 /* tigercel */,
				E711F5601C3F95D800485406 /* tigercelTests */,
				E711F56B1C3F95D800485406 /* tigercelUITests */,
			);
		};
/* End PBXProject section */

/* Begin PBXResourcesBuildPhase section */
		E711F5461C3F95D800485406 /* Resources */ = {
			isa = PBXResourcesBuildPhase;
			buildActionMask = 2147483647;
			files = (
				E77AD7511C44FC62000A18C6 /* ZYY_EquipmentDetailVie.xib in Resources */,
				E7204E651C47A6A6005D6C4D /* ZYY_PickerDayView.xib in Resources */,
				E7169C0C1C42936C003BD334 /* ZYY_UpdateDeviceView.xib in Resources */,
				E7169C1B1C4294CB003BD334 /* ZYY_MyInformationView.xib in Resources */,
				E7204E5B1C4793A8005D6C4D /* ZYY_SetTimeView.xib in Resources */,
				E757D3861C40CD61007F3A6D /* ZYY_LoginControl.xib in Resources */,
				E7204E421C473B78005D6C4D /* ZYY_ChangeNameView.xib in Resources */,
				E7204E501C477308005D6C4D /* ZYY_GetColorFromImage.xib in Resources */,
				E711F55B1C3F95D800485406 /* LaunchScreen.storyboard in Resources */,
				E77AD7471C44D35B000A18C6 /* ZYY_ChangeCode.xib in Resources */,
				E711F5581C3F95D800485406 /* Assets.xcassets in Resources */,
				E7169C161C4293F0003BD334 /* ZYY_RoomView.xib in Resources */,
				E73275F01C45EE26002E2570 /* ZYY_ConnectEquipment.xib in Resources */,
				E7030B771C4DF3F50015F552 /* ZYY_ShareMessageView.xib in Resources */,
				E757D3761C40ACBE007F3A6D /* Info.plist in Resources */,
				E7244C301C42136C00B2B0C6 /* ZYY_WriteInformation.xib in Resources */,
				E7169C021C424AC9003BD334 /* ZYY_ProtocolView.xib in Resources */,
				E7169C111C429399003BD334 /* ZYY_ReBackView.xib in Resources */,
				E757D38B1C413CE8007F3A6D /* ZYY_RegistControl.xib in Resources */,
				E7204E471C474993005D6C4D /* ZYY_SceneChooseView.xib in Resources */,
				E77AD74C1C44E323000A18C6 /* ZYY_RetrievePasswordView.xib in Resources */,
				E7169C071C428C07003BD334 /* ZYY_AboutView.xib in Resources */,
				E711F5931C3F990500485406 /* ZYY_HomeTableViewCell.xib in Resources */,
				E73275F51C463731002E2570 /* ZYY_SliderControl.xib in Resources */,
				E77AD7421C44A62B000A18C6 /* Address.plist in Resources */,
			);
			runOnlyForDeploymentPostprocessing = 0;
		};
		E711F55F1C3F95D800485406 /* Resources */ = {
			isa = PBXResourcesBuildPhase;
			buildActionMask = 2147483647;
			files = (
			);
			runOnlyForDeploymentPostprocessing = 0;
		};
		E711F56A1C3F95D800485406 /* Resources */ = {
			isa = PBXResourcesBuildPhase;
			buildActionMask = 2147483647;
			files = (
			);
			runOnlyForDeploymentPostprocessing = 0;
		};
/* End PBXResourcesBuildPhase section */

/* Begin PBXSourcesBuildPhase section */
		E711F5441C3F95D800485406 /* Sources */ = {
			isa = PBXSourcesBuildPhase;
			buildActionMask = 2147483647;
			files = (
				E77BCAA31C585BDD000B8353 /* UIColor+flat.m in Sources */,
				E7665B2A1C5074FD006F3AF0 /* AFURLSessionManager.m in Sources */,
				E7030B6E1C4DF20D0015F552 /* ZYY_TimeTableViewCell.m in Sources */,
				E757D38A1C413CE8007F3A6D /* ZYY_RegistControl.m in Sources */,
				E77BCB411C58D4DF000B8353 /* UIImageView+HighlightedWebCache.m in Sources */,
				E7169C151C4293F0003BD334 /* ZYY_RoomView.m in Sources */,
				E7204E5A1C4793A8005D6C4D /* ZYY_SetTimeView.m in Sources */,
				E757D3851C40CD61007F3A6D /* ZYY_LoginControl.m in Sources */,
				E78D1E831C4F7B4D0007A58F /* ZYY_User.m in Sources */,
				E7665B271C5074FD006F3AF0 /* AFSecurityPolicy.m in Sources */,
				E77BCB2C1C58D4DF000B8353 /* SDWebImageCompat.m in Sources */,
				E77BCB2E1C58D4DF000B8353 /* SDWebImageDecoder.m in Sources */,
				E73275F41C463731002E2570 /* ZYY_SliderControl.m in Sources */,
				E757D37D1C40ACBE007F3A6D /* NSArray+MASAdditions.m in Sources */,
				E77BCB3D1C58D4DF000B8353 /* UIImage+MultiFormat.m in Sources */,
				E7030B6B1C4DF1730015F552 /* ZYY_ScrollView.m in Sources */,
				E77AD74B1C44E323000A18C6 /* ZYY_RetrievePasswordView.m in Sources */,
				E77BCB281C58D4DF000B8353 /* NSData+ImageContentType.m in Sources */,
				E757D37C1C40ACBE007F3A6D /* MASViewConstraint.m in Sources */,
				E7665B281C5074FD006F3AF0 /* AFURLRequestSerialization.m in Sources */,
				E77BCB451C58D4DF000B8353 /* UIView+WebCacheOperation.m in Sources */,
				E77BCB321C58D4DF000B8353 /* SDWebImageDownloaderOperation.m in Sources */,
				E78D1E801C4F61780007A58F /* ZYY_GetInfoFromInternet.m in Sources */,
				E77BCB301C58D4DF000B8353 /* SDWebImageDownloader.m in Sources */,
				E711F5A01C3FA73A00485406 /* ZYY_HomeViewController.m in Sources */,
				E7169C1A1C4294CB003BD334 /* ZYY_MyInformationView.m in Sources */,
				E77BCB2A1C58D4DF000B8353 /* SDImageCache.m in Sources */,
				E757D3791C40ACBE007F3A6D /* MASConstraintMaker.m in Sources */,
				E77BCB261C58D4DF000B8353 /* MKAnnotationView+WebCache.m in Sources */,
				E757D37F1C40ACBE007F3A6D /* View+MASAdditions.m in Sources */,
				E7665B291C5074FD006F3AF0 /* AFURLResponseSerialization.m in Sources */,
				E77BCB391C58D4DF000B8353 /* UIButton+WebCache.m in Sources */,
				E7204E641C47A6A6005D6C4D /* ZYY_PickerDayView.m in Sources */,
				E711F5881C3F978900485406 /* ZYY_LeftViewController.m in Sources */,
				E757D3781C40ACBE007F3A6D /* MASConstraint.m in Sources */,
				E7169C101C429399003BD334 /* ZYY_ReBackView.m in Sources */,
				E7169C0B1C42936C003BD334 /* ZYY_UpdateDeviceView.m in Sources */,
				E711F5921C3F990500485406 /* ZYY_HomeTableViewCell.m in Sources */,
				E77AD7501C44FC62000A18C6 /* ZYY_EquipmentDetailVie.m in Sources */,
				E757D37B1C40ACBE007F3A6D /* MASViewAttribute.m in Sources */,
				E7169C061C428C07003BD334 /* ZYY_AboutView.m in Sources */,
				E757D37E1C40ACBE007F3A6D /* NSLayoutConstraint+MASDebugAdditions.m in Sources */,
				E711F5A91C3FB8C700485406 /* UIView_extra.m in Sources */,
				E7204E561C478308005D6C4D /* UIImageView+ZYY_GetColor.m in Sources */,
				E7204E461C474993005D6C4D /* ZYY_SceneChooseView.m in Sources */,
				E73275EF1C45EE26002E2570 /* ZYY_ConnectEquipment.m in Sources */,
				E7204E4F1C477308005D6C4D /* ZYY_GetColorFromImage.m in Sources */,
				E7665B261C5074FD006F3AF0 /* AFNetworkReachabilityManager.m in Sources */,
				E77BCAAF1C5860A1000B8353 /* FeThreeDotGlow.m in Sources */,
				E77AD7461C44D35B000A18C6 /* ZYY_ChangeCode.m in Sources */,
				E77BCAB61C586A94000B8353 /* AsyncUdpSocket.m in Sources */,
				E77BCB431C58D4DF000B8353 /* UIImageView+WebCache.m in Sources */,
				E7244C2F1C42136C00B2B0C6 /* ZYY_WriteInformation.m in Sources */,
				E7030B761C4DF3F50015F552 /* ZYY_ShareMessageView.m in Sources */,
				E77BCB3B1C58D4DF000B8353 /* UIImage+GIF.m in Sources */,
				E77AD7541C450228000A18C6 /* ZYY_CollectionViewCell.m in Sources */,
				E757D3771C40ACBE007F3A6D /* MASCompositeConstraint.m in Sources */,
				E7204E681C47AED1005D6C4D /* ZYY_LED.m in Sources */,
				E7EE6CAE1C434AC000CB3810 /* ZYY_VersionExplainView.m in Sources */,
				E757D37A1C40ACBE007F3A6D /* MASLayoutConstraint.m in Sources */,
				E7665B251C5074FD006F3AF0 /* AFHTTPSessionManager.m in Sources */,
				E711F5501C3F95D800485406 /* AppDelegate.m in Sources */,
				E7204E411C473B78005D6C4D /* ZYY_ChangeNameView.m in Sources */,
				E77BCB341C58D4DF000B8353 /* SDWebImageManager.m in Sources */,
				E7030B751C4DF3F50015F552 /* ZYY_ChooseShareWayView.m in Sources */,
				E711F54D1C3F95D800485406 /* main.m in Sources */,
				E7169C011C424AC9003BD334 /* ZYY_ProtocolView.m in Sources */,
				E757D3801C40ACBE007F3A6D /* ViewController+MASAdditions.m in Sources */,
				E7EE6CAB1C434A2F00CB3810 /* ZYY_UserReglationView.m in Sources */,
				E77BCB371C58D4DF000B8353 /* SDWebImagePrefetcher.m in Sources */,
				E77BCB3F1C58D4DF000B8353 /* UIImage+WebP.m in Sources */,
				E711F5A81C3FB8C700485406 /* LeftSlideViewController.m in Sources */,
				E77BCAB51C586A94000B8353 /* AsyncSocket.m in Sources */,
			);
			runOnlyForDeploymentPostprocessing = 0;
		};
		E711F55D1C3F95D800485406 /* Sources */ = {
			isa = PBXSourcesBuildPhase;
			buildActionMask = 2147483647;
			files = (
				E711F5661C3F95D800485406 /* tigercelTests.m in Sources */,
			);
			runOnlyForDeploymentPostprocessing = 0;
		};
		E711F5681C3F95D800485406 /* Sources */ = {
			isa = PBXSourcesBuildPhase;
			buildActionMask = 2147483647;
			files = (
				E711F5711C3F95D800485406 /* tigercelUITests.m in Sources */,
			);
			runOnlyForDeploymentPostprocessing = 0;
		};
/* End PBXSourcesBuildPhase section */

/* Begin PBXTargetDependency section */
		E711F5631C3F95D800485406 /* PBXTargetDependency */ = {
			isa = PBXTargetDependency;
			target = E711F5471C3F95D800485406 /* tigercel */;
			targetProxy = E711F5621C3F95D800485406 /* PBXContainerItemProxy */;
		};
		E711F56E1C3F95D800485406 /* PBXTargetDependency */ = {
			isa = PBXTargetDependency;
			target = E711F5471C3F95D800485406 /* tigercel */;
			targetProxy = E711F56D1C3F95D800485406 /* PBXContainerItemProxy */;
		};
/* End PBXTargetDependency section */

/* Begin PBXVariantGroup section */
		E711F5591C3F95D800485406 /* LaunchScreen.storyboard */ = {
			isa = PBXVariantGroup;
			children = (
				E711F55A1C3F95D800485406 /* Base */,
			);
			name = LaunchScreen.storyboard;
			sourceTree = "<group>";
		};
/* End PBXVariantGroup section */

/* Begin XCBuildConfiguration section */
		E711F5731C3F95D800485406 /* Debug */ = {
			isa = XCBuildConfiguration;
			buildSettings = {
				ALWAYS_SEARCH_USER_PATHS = NO;
				CLANG_CXX_LANGUAGE_STANDARD = "gnu++0x";
				CLANG_CXX_LIBRARY = "libc++";
				CLANG_ENABLE_MODULES = YES;
				CLANG_ENABLE_OBJC_ARC = YES;
				CLANG_WARN_BOOL_CONVERSION = YES;
				CLANG_WARN_CONSTANT_CONVERSION = YES;
				CLANG_WARN_DIRECT_OBJC_ISA_USAGE = YES_ERROR;
				CLANG_WARN_EMPTY_BODY = YES;
				CLANG_WARN_ENUM_CONVERSION = YES;
				CLANG_WARN_INT_CONVERSION = YES;
				CLANG_WARN_OBJC_ROOT_CLASS = YES_ERROR;
				CLANG_WARN_UNREACHABLE_CODE = YES;
				CLANG_WARN__DUPLICATE_METHOD_MATCH = YES;
				"CODE_SIGN_IDENTITY[sdk=iphoneos*]" = "iPhone Developer";
				COPY_PHASE_STRIP = NO;
				DEBUG_INFORMATION_FORMAT = dwarf;
				ENABLE_STRICT_OBJC_MSGSEND = YES;
				ENABLE_TESTABILITY = YES;
				GCC_C_LANGUAGE_STANDARD = gnu99;
				GCC_DYNAMIC_NO_PIC = NO;
				GCC_NO_COMMON_BLOCKS = YES;
				GCC_OPTIMIZATION_LEVEL = 0;
				GCC_PREPROCESSOR_DEFINITIONS = (
					"DEBUG=1",
					"$(inherited)",
				);
				GCC_WARN_64_TO_32_BIT_CONVERSION = YES;
				GCC_WARN_ABOUT_RETURN_TYPE = YES_ERROR;
				GCC_WARN_UNDECLARED_SELECTOR = YES;
				GCC_WARN_UNINITIALIZED_AUTOS = YES_AGGRESSIVE;
				GCC_WARN_UNUSED_FUNCTION = YES;
				GCC_WARN_UNUSED_VARIABLE = YES;
				IPHONEOS_DEPLOYMENT_TARGET = 9.2;
				MTL_ENABLE_DEBUG_INFO = YES;
				ONLY_ACTIVE_ARCH = YES;
				SDKROOT = iphoneos;
				TARGETED_DEVICE_FAMILY = "1,2";
			};
			name = Debug;
		};
		E711F5741C3F95D800485406 /* Release */ = {
			isa = XCBuildConfiguration;
			buildSettings = {
				ALWAYS_SEARCH_USER_PATHS = NO;
				CLANG_CXX_LANGUAGE_STANDARD = "gnu++0x";
				CLANG_CXX_LIBRARY = "libc++";
				CLANG_ENABLE_MODULES = YES;
				CLANG_ENABLE_OBJC_ARC = YES;
				CLANG_WARN_BOOL_CONVERSION = YES;
				CLANG_WARN_CONSTANT_CONVERSION = YES;
				CLANG_WARN_DIRECT_OBJC_ISA_USAGE = YES_ERROR;
				CLANG_WARN_EMPTY_BODY = YES;
				CLANG_WARN_ENUM_CONVERSION = YES;
				CLANG_WARN_INT_CONVERSION = YES;
				CLANG_WARN_OBJC_ROOT_CLASS = YES_ERROR;
				CLANG_WARN_UNREACHABLE_CODE = YES;
				CLANG_WARN__DUPLICATE_METHOD_MATCH = YES;
				"CODE_SIGN_IDENTITY[sdk=iphoneos*]" = "iPhone Developer";
				COPY_PHASE_STRIP = NO;
				DEBUG_INFORMATION_FORMAT = "dwarf-with-dsym";
				ENABLE_NS_ASSERTIONS = NO;
				ENABLE_STRICT_OBJC_MSGSEND = YES;
				GCC_C_LANGUAGE_STANDARD = gnu99;
				GCC_NO_COMMON_BLOCKS = YES;
				GCC_WARN_64_TO_32_BIT_CONVERSION = YES;
				GCC_WARN_ABOUT_RETURN_TYPE = YES_ERROR;
				GCC_WARN_UNDECLARED_SELECTOR = YES;
				GCC_WARN_UNINITIALIZED_AUTOS = YES_AGGRESSIVE;
				GCC_WARN_UNUSED_FUNCTION = YES;
				GCC_WARN_UNUSED_VARIABLE = YES;
				IPHONEOS_DEPLOYMENT_TARGET = 9.2;
				MTL_ENABLE_DEBUG_INFO = NO;
				SDKROOT = iphoneos;
				TARGETED_DEVICE_FAMILY = "1,2";
				VALIDATE_PRODUCT = YES;
			};
			name = Release;
		};
		E711F5761C3F95D800485406 /* Debug */ = {
			isa = XCBuildConfiguration;
			buildSettings = {
				ASSETCATALOG_COMPILER_APPICON_NAME = AppIcon;
				ASSETCATALOG_COMPILER_LAUNCHIMAGE_NAME = LaunchImage;
				CODE_SIGN_IDENTITY = "iPhone Developer";
				"CODE_SIGN_IDENTITY[sdk=iphoneos*]" = "iPhone Developer";
				ENABLE_BITCODE = NO;
				INFOPLIST_FILE = tigercel/Info.plist;
				IPHONEOS_DEPLOYMENT_TARGET = 8.0;
				LD_RUNPATH_SEARCH_PATHS = "$(inherited) @executable_path/Frameworks";
				LIBRARY_SEARCH_PATHS = (
					"$(inherited)",
					"$(PROJECT_DIR)/tigercel/通用",
				);
				PRODUCT_BUNDLE_IDENTIFIER = tigercel.tigercel;
				PRODUCT_NAME = "$(TARGET_NAME)";
				PROVISIONING_PROFILE = "";
			};
			name = Debug;
		};
		E711F5771C3F95D800485406 /* Release */ = {
			isa = XCBuildConfiguration;
			buildSettings = {
				ASSETCATALOG_COMPILER_APPICON_NAME = AppIcon;
				ASSETCATALOG_COMPILER_LAUNCHIMAGE_NAME = LaunchImage;
				CODE_SIGN_IDENTITY = "iPhone Developer";
				"CODE_SIGN_IDENTITY[sdk=iphoneos*]" = "iPhone Developer";
				ENABLE_BITCODE = NO;
				INFOPLIST_FILE = tigercel/Info.plist;
				IPHONEOS_DEPLOYMENT_TARGET = 8.0;
				LD_RUNPATH_SEARCH_PATHS = "$(inherited) @executable_path/Frameworks";
				LIBRARY_SEARCH_PATHS = (
					"$(inherited)",
					"$(PROJECT_DIR)/tigercel/通用",
				);
				PRODUCT_BUNDLE_IDENTIFIER = tigercel.tigercel;
				PRODUCT_NAME = "$(TARGET_NAME)";
				PROVISIONING_PROFILE = "";
			};
			name = Release;
		};
		E711F5791C3F95D800485406 /* Debug */ = {
			isa = XCBuildConfiguration;
			buildSettings = {
				BUNDLE_LOADER = "$(TEST_HOST)";
				INFOPLIST_FILE = tigercelTests/Info.plist;
				LD_RUNPATH_SEARCH_PATHS = "$(inherited) @executable_path/Frameworks @loader_path/Frameworks";
				PRODUCT_BUNDLE_IDENTIFIER = tigercel.tigercelTests;
				PRODUCT_NAME = "$(TARGET_NAME)";
				TEST_HOST = "$(BUILT_PRODUCTS_DIR)/tigercel.app/tigercel";
			};
			name = Debug;
		};
		E711F57A1C3F95D800485406 /* Release */ = {
			isa = XCBuildConfiguration;
			buildSettings = {
				BUNDLE_LOADER = "$(TEST_HOST)";
				INFOPLIST_FILE = tigercelTests/Info.plist;
				LD_RUNPATH_SEARCH_PATHS = "$(inherited) @executable_path/Frameworks @loader_path/Frameworks";
				PRODUCT_BUNDLE_IDENTIFIER = tigercel.tigercelTests;
				PRODUCT_NAME = "$(TARGET_NAME)";
				TEST_HOST = "$(BUILT_PRODUCTS_DIR)/tigercel.app/tigercel";
			};
			name = Release;
		};
		E711F57C1C3F95D800485406 /* Debug */ = {
			isa = XCBuildConfiguration;
			buildSettings = {
				INFOPLIST_FILE = tigercelUITests/Info.plist;
				LD_RUNPATH_SEARCH_PATHS = "$(inherited) @executable_path/Frameworks @loader_path/Frameworks";
				PRODUCT_BUNDLE_IDENTIFIER = tigercel.tigercelUITests;
				PRODUCT_NAME = "$(TARGET_NAME)";
				TEST_TARGET_NAME = tigercel;
				USES_XCTRUNNER = YES;
			};
			name = Debug;
		};
		E711F57D1C3F95D800485406 /* Release */ = {
			isa = XCBuildConfiguration;
			buildSettings = {
				INFOPLIST_FILE = tigercelUITests/Info.plist;
				LD_RUNPATH_SEARCH_PATHS = "$(inherited) @executable_path/Frameworks @loader_path/Frameworks";
				PRODUCT_BUNDLE_IDENTIFIER = tigercel.tigercelUITests;
				PRODUCT_NAME = "$(TARGET_NAME)";
				TEST_TARGET_NAME = tigercel;
				USES_XCTRUNNER = YES;
			};
			name = Release;
		};
/* End XCBuildConfiguration section */

/* Begin XCConfigurationList section */
		E711F5431C3F95D800485406 /* Build configuration list for PBXProject "tigercel" */ = {
			isa = XCConfigurationList;
			buildConfigurations = (
				E711F5731C3F95D800485406 /* Debug */,
				E711F5741C3F95D800485406 /* Release */,
			);
			defaultConfigurationIsVisible = 0;
			defaultConfigurationName = Release;
		};
		E711F5751C3F95D800485406 /* Build configuration list for PBXNativeTarget "tigercel" */ = {
			isa = XCConfigurationList;
			buildConfigurations = (
				E711F5761C3F95D800485406 /* Debug */,
				E711F5771C3F95D800485406 /* Release */,
			);
			defaultConfigurationIsVisible = 0;
			defaultConfigurationName = Release;
		};
		E711F5781C3F95D800485406 /* Build configuration list for PBXNativeTarget "tigercelTests" */ = {
			isa = XCConfigurationList;
			buildConfigurations = (
				E711F5791C3F95D800485406 /* Debug */,
				E711F57A1C3F95D800485406 /* Release */,
			);
			defaultConfigurationIsVisible = 0;
			defaultConfigurationName = Release;
		};
		E711F57B1C3F95D800485406 /* Build configuration list for PBXNativeTarget "tigercelUITests" */ = {
			isa = XCConfigurationList;
			buildConfigurations = (
				E711F57C1C3F95D800485406 /* Debug */,
				E711F57D1C3F95D800485406 /* Release */,
			);
			defaultConfigurationIsVisible = 0;
			defaultConfigurationName = Release;
		};
/* End XCConfigurationList section */
	};
	rootObject = E711F5401C3F95D800485406 /* Project object */;
}
